// !$*UTF8*$!
{
	archiveVersion = 1;
	classes = {
	};
	objectVersion = 46;
	objects = {

/* Begin PBXAggregateTarget section */
		65D75B8511B7D19E003D938D /* Build release framework */ = {
			isa = PBXAggregateTarget;
			buildConfigurationList = 65D75B8811B7D1BC003D938D /* Build configuration list for PBXAggregateTarget "Build release framework" */;
			buildPhases = (
				65D75B8411B7D19E003D938D /* ShellScript */,
			);
			dependencies = (
			);
			name = "Build release framework";
			productName = "Build final artifacts";
		};
/* End PBXAggregateTarget section */

/* Begin PBXBuildFile section */
		65001C9A117C87F500C6ACA8 /* DCUIRatingPopupBubble.h in Headers */ = {isa = PBXBuildFile; fileRef = 65001C96117C87F500C6ACA8 /* DCUIRatingPopupBubble.h */; settings = {ATTRIBUTES = (Public, ); }; };
		65001C9B117C87F500C6ACA8 /* DCUIRatingPopupBubble.m in Sources */ = {isa = PBXBuildFile; fileRef = 65001C97117C87F500C6ACA8 /* DCUIRatingPopupBubble.m */; };
		65001DF4117F32CA00C6ACA8 /* BubbleViewTests.m in Sources */ = {isa = PBXBuildFile; fileRef = 65001DB7117F2C8700C6ACA8 /* BubbleViewTests.m */; };
		65269779116EF91E003C63D3 /* CoreGraphics.framework in Frameworks */ = {isa = PBXBuildFile; fileRef = 65269778116EF91E003C63D3 /* CoreGraphics.framework */; };
		65269784116EF983003C63D3 /* UIKit.framework in Frameworks */ = {isa = PBXBuildFile; fileRef = 65269783116EF983003C63D3 /* UIKit.framework */; };
		652697A7116EF98B003C63D3 /* CoreGraphics.framework in Frameworks */ = {isa = PBXBuildFile; fileRef = 65269778116EF91E003C63D3 /* CoreGraphics.framework */; };
		652697E8116EF992003C63D3 /* UIKit.framework in Frameworks */ = {isa = PBXBuildFile; fileRef = 65269783116EF983003C63D3 /* UIKit.framework */; };
		653AD383116E146E006E2268 /* blank_10_x_10.png in Resources */ = {isa = PBXBuildFile; fileRef = 650357AA116A1BAA00202897 /* blank_10_x_10.png */; };
		653AD384116E153F006E2268 /* DCCommonTests.m in Sources */ = {isa = PBXBuildFile; fileRef = 650357AC116A1BAA00202897 /* DCCommonTests.m */; };
		653AD385116E153F006E2268 /* DCUIRatingTests.m in Sources */ = {isa = PBXBuildFile; fileRef = 650357AD116A1BAA00202897 /* DCUIRatingTests.m */; };
		653AD386116E153F006E2268 /* NSDictionary+dUsefulStuffTests.m in Sources */ = {isa = PBXBuildFile; fileRef = 650357B0116A1BAA00202897 /* NSDictionary+dUsefulStuffTests.m */; };
		653AD387116E153F006E2268 /* NSMutableDictionary+dUsefulStuffTests.m in Sources */ = {isa = PBXBuildFile; fileRef = 650357B1116A1BAA00202897 /* NSMutableDictionary+dUsefulStuffTests.m */; };
		653AD415116E165B006E2268 /* Foundation.framework in Frameworks */ = {isa = PBXBuildFile; fileRef = AACBBE490F95108600F1A2B1 /* Foundation.framework */; };
		656B793511796FE000F19C5D /* bubble.png in Resources */ = {isa = PBXBuildFile; fileRef = 656B793411796FE000F19C5D /* bubble.png */; };
		6576D1C4121C0CAF00CBE1B0 /* GHUnitIOS.framework in Frameworks */ = {isa = PBXBuildFile; fileRef = 6576D1C3121C0CAF00CBE1B0 /* GHUnitIOS.framework */; };
		6576D211121C1EFA00CBE1B0 /* GHUnitIOSTestMain.m in Sources */ = {isa = PBXBuildFile; fileRef = 6576D210121C1EFA00CBE1B0 /* GHUnitIOSTestMain.m */; };
		659D2BEE117748000056AA74 /* RatingTest.xib in Resources */ = {isa = PBXBuildFile; fileRef = 650357B3116A1BAA00202897 /* RatingTest.xib */; };
		659D2BEF117748010056AA74 /* RatingTestAppDelegate.m in Sources */ = {isa = PBXBuildFile; fileRef = 650357B5116A1BAA00202897 /* RatingTestAppDelegate.m */; };
		659D2BF0117748030056AA74 /* RatingTestController.m in Sources */ = {isa = PBXBuildFile; fileRef = 650357B7116A1BAA00202897 /* RatingTestController.m */; };
		659D2BF1117748040056AA74 /* main.m in Sources */ = {isa = PBXBuildFile; fileRef = 650357AF116A1BAA00202897 /* main.m */; };
		659D2BF21177480B0056AA74 /* star-active.png in Resources */ = {isa = PBXBuildFile; fileRef = 654ED65D116C5B89007AB3BA /* star-active.png */; };
		659D2BF31177480C0056AA74 /* star-half-active.png in Resources */ = {isa = PBXBuildFile; fileRef = 654ED65E116C5B89007AB3BA /* star-half-active.png */; };
		659D2BF41177480D0056AA74 /* star.png in Resources */ = {isa = PBXBuildFile; fileRef = 654ED65F116C5B89007AB3BA /* star.png */; };
		659D2BF7117748430056AA74 /* Foundation.framework in Frameworks */ = {isa = PBXBuildFile; fileRef = AACBBE490F95108600F1A2B1 /* Foundation.framework */; };
		659D2BFA117748440056AA74 /* CoreGraphics.framework in Frameworks */ = {isa = PBXBuildFile; fileRef = 65269778116EF91E003C63D3 /* CoreGraphics.framework */; };
		659D2BFD117748450056AA74 /* UIKit.framework in Frameworks */ = {isa = PBXBuildFile; fileRef = 65269783116EF983003C63D3 /* UIKit.framework */; };
		659D2C0E117749310056AA74 /* libdUsefulStuff.a in Frameworks */ = {isa = PBXBuildFile; fileRef = 65A0C68F116EF534003AC854 /* libdUsefulStuff.a */; };
		65A0C680116EF534003AC854 /* DCCommon.h in Headers */ = {isa = PBXBuildFile; fileRef = 6503579B116A1B8100202897 /* DCCommon.h */; settings = {ATTRIBUTES = (Public, ); }; };
		65A0C681116EF534003AC854 /* DCUIRating.h in Headers */ = {isa = PBXBuildFile; fileRef = 6503579C116A1B8100202897 /* DCUIRating.h */; settings = {ATTRIBUTES = (Public, ); }; };
		65A0C682116EF534003AC854 /* NSDictionary+dUsefulStuff.h in Headers */ = {isa = PBXBuildFile; fileRef = 6503579E116A1B8100202897 /* NSDictionary+dUsefulStuff.h */; settings = {ATTRIBUTES = (Public, ); }; };
		65A0C683116EF534003AC854 /* NSMutableDictionary+dUsefulStuff.h in Headers */ = {isa = PBXBuildFile; fileRef = 650357A0116A1B8100202897 /* NSMutableDictionary+dUsefulStuff.h */; settings = {ATTRIBUTES = (Public, ); }; };
		65A0C685116EF534003AC854 /* DCUIRating.m in Sources */ = {isa = PBXBuildFile; fileRef = 6503579D116A1B8100202897 /* DCUIRating.m */; };
		65A0C686116EF534003AC854 /* NSDictionary+dUsefulStuff.m in Sources */ = {isa = PBXBuildFile; fileRef = 6503579F116A1B8100202897 /* NSDictionary+dUsefulStuff.m */; };
		65A0C687116EF534003AC854 /* NSMutableDictionary+dUsefulStuff.m in Sources */ = {isa = PBXBuildFile; fileRef = 650357A1116A1B8100202897 /* NSMutableDictionary+dUsefulStuff.m */; };
		65A0C689116EF534003AC854 /* Foundation.framework in Frameworks */ = {isa = PBXBuildFile; fileRef = AACBBE490F95108600F1A2B1 /* Foundation.framework */; };
		65A0C6AB116EF691003AC854 /* libdUsefulStuff.a in Frameworks */ = {isa = PBXBuildFile; fileRef = 65A0C68F116EF534003AC854 /* libdUsefulStuff.a */; };
		65CD37721225288D0061EEBF /* framework.plist in Resources */ = {isa = PBXBuildFile; fileRef = 65CD37711225288D0061EEBF /* framework.plist */; };
		65CD3930122551E90061EEBF /* DCDialogs.h in Headers */ = {isa = PBXBuildFile; fileRef = 65CD392E122551E90061EEBF /* DCDialogs.h */; };
		65CD3931122551E90061EEBF /* DCDialogs.m in Sources */ = {isa = PBXBuildFile; fileRef = 65CD392F122551E90061EEBF /* DCDialogs.m */; };
		65CD3932122552060061EEBF /* DCDialogs.m in Sources */ = {isa = PBXBuildFile; fileRef = 65CD392F122551E90061EEBF /* DCDialogs.m */; };
		65CD3933122552060061EEBF /* DCDialogs.m in Sources */ = {isa = PBXBuildFile; fileRef = 65CD392F122551E90061EEBF /* DCDialogs.m */; };
		65D66C501175FC07001132D1 /* libOCMock-static.a in Frameworks */ = {isa = PBXBuildFile; fileRef = 65D66C3A1175FC07001132D1 /* libOCMock-static.a */; };
		65FE650F11BBD9E300C14BA3 /* bubble.png in CopyFiles */ = {isa = PBXBuildFile; fileRef = 656B793411796FE000F19C5D /* bubble.png */; };
		65FE651011BBD9E300C14BA3 /* star-active.png in CopyFiles */ = {isa = PBXBuildFile; fileRef = 654ED65D116C5B89007AB3BA /* star-active.png */; };
		65FE651111BBD9E300C14BA3 /* star-half-active.png in CopyFiles */ = {isa = PBXBuildFile; fileRef = 654ED65E116C5B89007AB3BA /* star-half-active.png */; };
		65FE651211BBD9E300C14BA3 /* star.png in CopyFiles */ = {isa = PBXBuildFile; fileRef = 654ED65F116C5B89007AB3BA /* star.png */; };
/* End PBXBuildFile section */

/* Begin PBXContainerItemProxy section */
		659D2BEB117747C30056AA74 /* PBXContainerItemProxy */ = {
			isa = PBXContainerItemProxy;
			containerPortal = 0867D690FE84028FC02AAC07 /* Project object */;
			proxyType = 1;
			remoteGlobalIDString = 65A0C679116EF534003AC854;
			remoteInfo = "dUsefulStuff (Simulator)";
		};
		65A0C694116EF5C2003AC854 /* PBXContainerItemProxy */ = {
			isa = PBXContainerItemProxy;
			containerPortal = 0867D690FE84028FC02AAC07 /* Project object */;
			proxyType = 1;
			remoteGlobalIDString = 65A0C679116EF534003AC854;
			remoteInfo = "dUsefulStuff (Simulator)";
		};
/* End PBXContainerItemProxy section */

/* Begin PBXCopyFilesBuildPhase section */
		65FE651311BBDA0100C14BA3 /* CopyFiles */ = {
			isa = PBXCopyFilesBuildPhase;
			buildActionMask = 2147483647;
			dstPath = "";
			dstSubfolderSpec = 7;
			files = (
				65FE650F11BBD9E300C14BA3 /* bubble.png in CopyFiles */,
				65FE651011BBD9E300C14BA3 /* star-active.png in CopyFiles */,
				65FE651111BBD9E300C14BA3 /* star-half-active.png in CopyFiles */,
				65FE651211BBD9E300C14BA3 /* star.png in CopyFiles */,
			);
			runOnlyForDeploymentPostprocessing = 0;
		};
/* End PBXCopyFilesBuildPhase section */

/* Begin PBXFileReference section */
		65001C96117C87F500C6ACA8 /* DCUIRatingPopupBubble.h */ = {isa = PBXFileReference; fileEncoding = 4; lastKnownFileType = sourcecode.c.h; name = DCUIRatingPopupBubble.h; path = src/code/DCUIRatingPopupBubble.h; sourceTree = "<group>"; };
		65001C97117C87F500C6ACA8 /* DCUIRatingPopupBubble.m */ = {isa = PBXFileReference; fileEncoding = 4; lastKnownFileType = sourcecode.c.objc; name = DCUIRatingPopupBubble.m; path = src/code/DCUIRatingPopupBubble.m; sourceTree = "<group>"; };
		65001DB7117F2C8700C6ACA8 /* BubbleViewTests.m */ = {isa = PBXFileReference; fileEncoding = 4; lastKnownFileType = sourcecode.c.objc; name = BubbleViewTests.m; path = src/tests/BubbleViewTests.m; sourceTree = "<group>"; };
		6503579B116A1B8100202897 /* DCCommon.h */ = {isa = PBXFileReference; fileEncoding = 4; lastKnownFileType = sourcecode.c.h; name = DCCommon.h; path = src/code/DCCommon.h; sourceTree = "<group>"; };
		6503579C116A1B8100202897 /* DCUIRating.h */ = {isa = PBXFileReference; fileEncoding = 4; lastKnownFileType = sourcecode.c.h; name = DCUIRating.h; path = src/code/DCUIRating.h; sourceTree = "<group>"; };
		6503579D116A1B8100202897 /* DCUIRating.m */ = {isa = PBXFileReference; fileEncoding = 4; lastKnownFileType = sourcecode.c.objc; name = DCUIRating.m; path = src/code/DCUIRating.m; sourceTree = "<group>"; };
		6503579E116A1B8100202897 /* NSDictionary+dUsefulStuff.h */ = {isa = PBXFileReference; fileEncoding = 4; lastKnownFileType = sourcecode.c.h; name = "NSDictionary+dUsefulStuff.h"; path = "src/code/NSDictionary+dUsefulStuff.h"; sourceTree = "<group>"; };
		6503579F116A1B8100202897 /* NSDictionary+dUsefulStuff.m */ = {isa = PBXFileReference; fileEncoding = 4; lastKnownFileType = sourcecode.c.objc; name = "NSDictionary+dUsefulStuff.m"; path = "src/code/NSDictionary+dUsefulStuff.m"; sourceTree = "<group>"; };
		650357A0116A1B8100202897 /* NSMutableDictionary+dUsefulStuff.h */ = {isa = PBXFileReference; fileEncoding = 4; lastKnownFileType = sourcecode.c.h; name = "NSMutableDictionary+dUsefulStuff.h"; path = "src/code/NSMutableDictionary+dUsefulStuff.h"; sourceTree = "<group>"; };
		650357A1116A1B8100202897 /* NSMutableDictionary+dUsefulStuff.m */ = {isa = PBXFileReference; fileEncoding = 4; lastKnownFileType = sourcecode.c.objc; name = "NSMutableDictionary+dUsefulStuff.m"; path = "src/code/NSMutableDictionary+dUsefulStuff.m"; sourceTree = "<group>"; };
		650357AA116A1BAA00202897 /* blank_10_x_10.png */ = {isa = PBXFileReference; lastKnownFileType = image.png; name = blank_10_x_10.png; path = src/tests/blank_10_x_10.png; sourceTree = "<group>"; };
		650357AC116A1BAA00202897 /* DCCommonTests.m */ = {isa = PBXFileReference; fileEncoding = 4; lastKnownFileType = sourcecode.c.objc; name = DCCommonTests.m; path = src/tests/DCCommonTests.m; sourceTree = "<group>"; };
		650357AD116A1BAA00202897 /* DCUIRatingTests.m */ = {isa = PBXFileReference; fileEncoding = 4; lastKnownFileType = sourcecode.c.objc; name = DCUIRatingTests.m; path = src/tests/DCUIRatingTests.m; sourceTree = "<group>"; };
		650357AE116A1BAA00202897 /* dUsefulStuff unit tests-Info.plist */ = {isa = PBXFileReference; fileEncoding = 4; lastKnownFileType = text.plist.xml; name = "dUsefulStuff unit tests-Info.plist"; path = "src/tests/dUsefulStuff unit tests-Info.plist"; sourceTree = "<group>"; };
		650357AF116A1BAA00202897 /* main.m */ = {isa = PBXFileReference; fileEncoding = 4; lastKnownFileType = sourcecode.c.objc; name = main.m; path = src/tests/main.m; sourceTree = "<group>"; };
		650357B0116A1BAA00202897 /* NSDictionary+dUsefulStuffTests.m */ = {isa = PBXFileReference; fileEncoding = 4; lastKnownFileType = sourcecode.c.objc; name = "NSDictionary+dUsefulStuffTests.m"; path = "src/tests/NSDictionary+dUsefulStuffTests.m"; sourceTree = "<group>"; };
		650357B1116A1BAA00202897 /* NSMutableDictionary+dUsefulStuffTests.m */ = {isa = PBXFileReference; fileEncoding = 4; lastKnownFileType = sourcecode.c.objc; name = "NSMutableDictionary+dUsefulStuffTests.m"; path = "src/tests/NSMutableDictionary+dUsefulStuffTests.m"; sourceTree = "<group>"; };
		650357B2116A1BAA00202897 /* RatingTest-Info.plist */ = {isa = PBXFileReference; fileEncoding = 4; lastKnownFileType = text.plist.xml; name = "RatingTest-Info.plist"; path = "src/tests/RatingTest-Info.plist"; sourceTree = "<group>"; };
		650357B3116A1BAA00202897 /* RatingTest.xib */ = {isa = PBXFileReference; lastKnownFileType = file.xib; name = RatingTest.xib; path = src/tests/RatingTest.xib; sourceTree = "<group>"; };
		650357B4116A1BAA00202897 /* RatingTestAppDelegate.h */ = {isa = PBXFileReference; fileEncoding = 4; lastKnownFileType = sourcecode.c.h; name = RatingTestAppDelegate.h; path = src/tests/RatingTestAppDelegate.h; sourceTree = "<group>"; };
		650357B5116A1BAA00202897 /* RatingTestAppDelegate.m */ = {isa = PBXFileReference; fileEncoding = 4; lastKnownFileType = sourcecode.c.objc; name = RatingTestAppDelegate.m; path = src/tests/RatingTestAppDelegate.m; sourceTree = "<group>"; };
		650357B6116A1BAA00202897 /* RatingTestController.h */ = {isa = PBXFileReference; fileEncoding = 4; lastKnownFileType = sourcecode.c.h; name = RatingTestController.h; path = src/tests/RatingTestController.h; sourceTree = "<group>"; };
		650357B7116A1BAA00202897 /* RatingTestController.m */ = {isa = PBXFileReference; fileEncoding = 4; lastKnownFileType = sourcecode.c.objc; name = RatingTestController.m; path = src/tests/RatingTestController.m; sourceTree = "<group>"; };
		6518349F1227EED400B4AE43 /* build.sh */ = {isa = PBXFileReference; fileEncoding = 4; lastKnownFileType = text.script.sh; path = build.sh; sourceTree = "<group>"; };
		651834AD1227F19D00B4AE43 /* createDocumentation.sh */ = {isa = PBXFileReference; fileEncoding = 4; lastKnownFileType = text.script.sh; path = createDocumentation.sh; sourceTree = "<group>"; };
		651834AE1227F3A300B4AE43 /* clean.sh */ = {isa = PBXFileReference; fileEncoding = 4; lastKnownFileType = text.script.sh; path = clean.sh; sourceTree = "<group>"; };
		651834BB1227F98200B4AE43 /* assembleFramework.sh */ = {isa = PBXFileReference; fileEncoding = 4; lastKnownFileType = text.script.sh; path = assembleFramework.sh; sourceTree = "<group>"; };
		651834BC1227F9AC00B4AE43 /* createDmg.sh */ = {isa = PBXFileReference; fileEncoding = 4; lastKnownFileType = text.script.sh; path = createDmg.sh; sourceTree = "<group>"; };
		65269778116EF91E003C63D3 /* CoreGraphics.framework */ = {isa = PBXFileReference; lastKnownFileType = wrapper.framework; name = CoreGraphics.framework; path = System/Library/Frameworks/CoreGraphics.framework; sourceTree = SDKROOT; };
		65269783116EF983003C63D3 /* UIKit.framework */ = {isa = PBXFileReference; lastKnownFileType = wrapper.framework; name = UIKit.framework; path = System/Library/Frameworks/UIKit.framework; sourceTree = SDKROOT; };
		654ED65A116C5B89007AB3BA /* docset.plist */ = {isa = PBXFileReference; fileEncoding = 4; lastKnownFileType = text.plist.xml; path = docset.plist; sourceTree = "<group>"; };
		654ED65B116C5B89007AB3BA /* doxygen-appledoc.config */ = {isa = PBXFileReference; fileEncoding = 4; lastKnownFileType = text; path = "doxygen-appledoc.config"; sourceTree = "<group>"; };
		654ED65C116C5B89007AB3BA /* ReadMe.markdown */ = {isa = PBXFileReference; fileEncoding = 4; lastKnownFileType = text; lineEnding = 0; path = ReadMe.markdown; sourceTree = "<group>"; };
		654ED65D116C5B89007AB3BA /* star-active.png */ = {isa = PBXFileReference; lastKnownFileType = image.png; path = "star-active.png"; sourceTree = "<group>"; };
		654ED65E116C5B89007AB3BA /* star-half-active.png */ = {isa = PBXFileReference; lastKnownFileType = image.png; path = "star-half-active.png"; sourceTree = "<group>"; };
		654ED65F116C5B89007AB3BA /* star.png */ = {isa = PBXFileReference; lastKnownFileType = image.png; path = star.png; sourceTree = "<group>"; };
		656B793411796FE000F19C5D /* bubble.png */ = {isa = PBXFileReference; lastKnownFileType = image.png; path = bubble.png; sourceTree = "<group>"; };
		6576D1C3121C0CAF00CBE1B0 /* GHUnitIOS.framework */ = {isa = PBXFileReference; lastKnownFileType = wrapper.framework; name = GHUnitIOS.framework; path = /Users/derek/projects/tools/GHUnitIOS.framework; sourceTree = "<absolute>"; };
		6576D210121C1EFA00CBE1B0 /* GHUnitIOSTestMain.m */ = {isa = PBXFileReference; fileEncoding = 4; lastKnownFileType = sourcecode.c.objc; path = GHUnitIOSTestMain.m; sourceTree = "<group>"; };
		6579F224116E1AC00065C30E /* dUsefulStuff simulator unit tests.app */ = {isa = PBXFileReference; explicitFileType = wrapper.application; includeInIndex = 0; path = "dUsefulStuff simulator unit tests.app"; sourceTree = BUILT_PRODUCTS_DIR; };
		657D8F731170B4E60044EF4F /* installDocSet */ = {isa = PBXFileReference; fileEncoding = 4; lastKnownFileType = text; path = installDocSet; sourceTree = "<group>"; };
		659D2BE5117747BA0056AA74 /* dUsefullStuff App Test Simulator.app */ = {isa = PBXFileReference; explicitFileType = wrapper.application; includeInIndex = 0; path = "dUsefullStuff App Test Simulator.app"; sourceTree = BUILT_PRODUCTS_DIR; };
		65A0C68F116EF534003AC854 /* libdUsefulStuff.a */ = {isa = PBXFileReference; explicitFileType = archive.ar; includeInIndex = 0; path = libdUsefulStuff.a; sourceTree = BUILT_PRODUCTS_DIR; };
		65CD37711225288D0061EEBF /* framework.plist */ = {isa = PBXFileReference; fileEncoding = 4; lastKnownFileType = text.plist.xml; path = framework.plist; sourceTree = "<group>"; };
		65CD392E122551E90061EEBF /* DCDialogs.h */ = {isa = PBXFileReference; fileEncoding = 4; lastKnownFileType = sourcecode.c.h; path = DCDialogs.h; sourceTree = "<group>"; };
		65CD392F122551E90061EEBF /* DCDialogs.m */ = {isa = PBXFileReference; fileEncoding = 4; lastKnownFileType = sourcecode.c.objc; path = DCDialogs.m; sourceTree = "<group>"; };
		65CD39A31226880D0061EEBF /* buildStaticLibrary.sh */ = {isa = PBXFileReference; fileEncoding = 4; lastKnownFileType = text.script.sh; path = buildStaticLibrary.sh; sourceTree = "<group>"; };
		65CD39A4122689B10061EEBF /* common.sh */ = {isa = PBXFileReference; fileEncoding = 4; lastKnownFileType = text.script.sh; path = common.sh; sourceTree = "<group>"; };
		65D66C3A1175FC07001132D1 /* libOCMock-static.a */ = {isa = PBXFileReference; lastKnownFileType = archive.ar; name = "libOCMock-static.a"; path = "../tools/OCMock-static/libOCMock-static.a"; sourceTree = SOURCE_ROOT; };
		65D66C3B1175FC07001132D1 /* NSInvocation+OCMAdditions.h */ = {isa = PBXFileReference; fileEncoding = 4; lastKnownFileType = sourcecode.c.h; name = "NSInvocation+OCMAdditions.h"; path = "../tools/OCMock-static/NSInvocation+OCMAdditions.h"; sourceTree = SOURCE_ROOT; };
		65D66C3C1175FC07001132D1 /* NSMethodSignature+OCMAdditions.h */ = {isa = PBXFileReference; fileEncoding = 4; lastKnownFileType = sourcecode.c.h; name = "NSMethodSignature+OCMAdditions.h"; path = "../tools/OCMock-static/NSMethodSignature+OCMAdditions.h"; sourceTree = SOURCE_ROOT; };
		65D66C3D1175FC07001132D1 /* NSNotificationCenter+OCMAdditions.h */ = {isa = PBXFileReference; fileEncoding = 4; lastKnownFileType = sourcecode.c.h; name = "NSNotificationCenter+OCMAdditions.h"; path = "../tools/OCMock-static/NSNotificationCenter+OCMAdditions.h"; sourceTree = SOURCE_ROOT; };
		65D66C3E1175FC07001132D1 /* OCClassMockObject.h */ = {isa = PBXFileReference; fileEncoding = 4; lastKnownFileType = sourcecode.c.h; name = OCClassMockObject.h; path = "../tools/OCMock-static/OCClassMockObject.h"; sourceTree = SOURCE_ROOT; };
		65D66C3F1175FC07001132D1 /* OCMArg.h */ = {isa = PBXFileReference; fileEncoding = 4; lastKnownFileType = sourcecode.c.h; name = OCMArg.h; path = "../tools/OCMock-static/OCMArg.h"; sourceTree = SOURCE_ROOT; };
		65D66C401175FC07001132D1 /* OCMBoxedReturnValueProvider.h */ = {isa = PBXFileReference; fileEncoding = 4; lastKnownFileType = sourcecode.c.h; name = OCMBoxedReturnValueProvider.h; path = "../tools/OCMock-static/OCMBoxedReturnValueProvider.h"; sourceTree = SOURCE_ROOT; };
		65D66C411175FC07001132D1 /* OCMConstraint.h */ = {isa = PBXFileReference; fileEncoding = 4; lastKnownFileType = sourcecode.c.h; name = OCMConstraint.h; path = "../tools/OCMock-static/OCMConstraint.h"; sourceTree = SOURCE_ROOT; };
		65D66C421175FC07001132D1 /* OCMExceptionReturnValueProvider.h */ = {isa = PBXFileReference; fileEncoding = 4; lastKnownFileType = sourcecode.c.h; name = OCMExceptionReturnValueProvider.h; path = "../tools/OCMock-static/OCMExceptionReturnValueProvider.h"; sourceTree = SOURCE_ROOT; };
		65D66C431175FC07001132D1 /* OCMIndirectReturnValueProvider.h */ = {isa = PBXFileReference; fileEncoding = 4; lastKnownFileType = sourcecode.c.h; name = OCMIndirectReturnValueProvider.h; path = "../tools/OCMock-static/OCMIndirectReturnValueProvider.h"; sourceTree = SOURCE_ROOT; };
		65D66C441175FC07001132D1 /* OCMNotificationPoster.h */ = {isa = PBXFileReference; fileEncoding = 4; lastKnownFileType = sourcecode.c.h; name = OCMNotificationPoster.h; path = "../tools/OCMock-static/OCMNotificationPoster.h"; sourceTree = SOURCE_ROOT; };
		65D66C451175FC07001132D1 /* OCMObserverRecorder.h */ = {isa = PBXFileReference; fileEncoding = 4; lastKnownFileType = sourcecode.c.h; name = OCMObserverRecorder.h; path = "../tools/OCMock-static/OCMObserverRecorder.h"; sourceTree = SOURCE_ROOT; };
		65D66C461175FC07001132D1 /* OCMock.h */ = {isa = PBXFileReference; fileEncoding = 4; lastKnownFileType = sourcecode.c.h; name = OCMock.h; path = "../tools/OCMock-static/OCMock.h"; sourceTree = SOURCE_ROOT; };
		65D66C471175FC07001132D1 /* OCMockObject.h */ = {isa = PBXFileReference; fileEncoding = 4; lastKnownFileType = sourcecode.c.h; name = OCMockObject.h; path = "../tools/OCMock-static/OCMockObject.h"; sourceTree = SOURCE_ROOT; };
		65D66C481175FC07001132D1 /* OCMockRecorder.h */ = {isa = PBXFileReference; fileEncoding = 4; lastKnownFileType = sourcecode.c.h; name = OCMockRecorder.h; path = "../tools/OCMock-static/OCMockRecorder.h"; sourceTree = SOURCE_ROOT; };
		65D66C491175FC07001132D1 /* OCMPassByRefSetter.h */ = {isa = PBXFileReference; fileEncoding = 4; lastKnownFileType = sourcecode.c.h; name = OCMPassByRefSetter.h; path = "../tools/OCMock-static/OCMPassByRefSetter.h"; sourceTree = SOURCE_ROOT; };
		65D66C4A1175FC07001132D1 /* OCMReturnValueProvider.h */ = {isa = PBXFileReference; fileEncoding = 4; lastKnownFileType = sourcecode.c.h; name = OCMReturnValueProvider.h; path = "../tools/OCMock-static/OCMReturnValueProvider.h"; sourceTree = SOURCE_ROOT; };
		65D66C4B1175FC07001132D1 /* OCObserverMockObject.h */ = {isa = PBXFileReference; fileEncoding = 4; lastKnownFileType = sourcecode.c.h; name = OCObserverMockObject.h; path = "../tools/OCMock-static/OCObserverMockObject.h"; sourceTree = SOURCE_ROOT; };
		65D66C4C1175FC07001132D1 /* OCPartialMockObject.h */ = {isa = PBXFileReference; fileEncoding = 4; lastKnownFileType = sourcecode.c.h; name = OCPartialMockObject.h; path = "../tools/OCMock-static/OCPartialMockObject.h"; sourceTree = SOURCE_ROOT; };
		65D66C4D1175FC07001132D1 /* OCPartialMockRecorder.h */ = {isa = PBXFileReference; fileEncoding = 4; lastKnownFileType = sourcecode.c.h; name = OCPartialMockRecorder.h; path = "../tools/OCMock-static/OCPartialMockRecorder.h"; sourceTree = SOURCE_ROOT; };
		65D66C4E1175FC07001132D1 /* OCProtocolMockObject.h */ = {isa = PBXFileReference; fileEncoding = 4; lastKnownFileType = sourcecode.c.h; name = OCProtocolMockObject.h; path = "../tools/OCMock-static/OCProtocolMockObject.h"; sourceTree = SOURCE_ROOT; };
		AA747D9E0F9514B9006C5449 /* dUsefulStuff_Prefix.pch */ = {isa = PBXFileReference; fileEncoding = 4; lastKnownFileType = sourcecode.c.h; path = dUsefulStuff_Prefix.pch; sourceTree = SOURCE_ROOT; };
		AACBBE490F95108600F1A2B1 /* Foundation.framework */ = {isa = PBXFileReference; lastKnownFileType = wrapper.framework; name = Foundation.framework; path = System/Library/Frameworks/Foundation.framework; sourceTree = SDKROOT; };
/* End PBXFileReference section */

/* Begin PBXFrameworksBuildPhase section */
		653AD37B116E13CF006E2268 /* Frameworks */ = {
			isa = PBXFrameworksBuildPhase;
			buildActionMask = 2147483647;
			files = (
				65A0C6AB116EF691003AC854 /* libdUsefulStuff.a in Frameworks */,
				653AD415116E165B006E2268 /* Foundation.framework in Frameworks */,
				65269779116EF91E003C63D3 /* CoreGraphics.framework in Frameworks */,
				65269784116EF983003C63D3 /* UIKit.framework in Frameworks */,
				65D66C501175FC07001132D1 /* libOCMock-static.a in Frameworks */,
				6576D1C4121C0CAF00CBE1B0 /* GHUnitIOS.framework in Frameworks */,
			);
			runOnlyForDeploymentPostprocessing = 0;
		};
		659D2BE3117747BA0056AA74 /* Frameworks */ = {
			isa = PBXFrameworksBuildPhase;
			buildActionMask = 2147483647;
			files = (
				659D2BF7117748430056AA74 /* Foundation.framework in Frameworks */,
				659D2BFA117748440056AA74 /* CoreGraphics.framework in Frameworks */,
				659D2BFD117748450056AA74 /* UIKit.framework in Frameworks */,
				659D2C0E117749310056AA74 /* libdUsefulStuff.a in Frameworks */,
			);
			runOnlyForDeploymentPostprocessing = 0;
		};
		65A0C688116EF534003AC854 /* Frameworks */ = {
			isa = PBXFrameworksBuildPhase;
			buildActionMask = 2147483647;
			files = (
				65A0C689116EF534003AC854 /* Foundation.framework in Frameworks */,
				652697A7116EF98B003C63D3 /* CoreGraphics.framework in Frameworks */,
				652697E8116EF992003C63D3 /* UIKit.framework in Frameworks */,
			);
			runOnlyForDeploymentPostprocessing = 0;
		};
/* End PBXFrameworksBuildPhase section */

/* Begin PBXGroup section */
		034768DFFF38A50411DB9C8B /* Products */ = {
			isa = PBXGroup;
			children = (
				6579F224116E1AC00065C30E /* dUsefulStuff simulator unit tests.app */,
				65A0C68F116EF534003AC854 /* libdUsefulStuff.a */,
				659D2BE5117747BA0056AA74 /* dUsefullStuff App Test Simulator.app */,
			);
			name = Products;
			sourceTree = "<group>";
		};
		0867D691FE84028FC02AAC07 /* dUsefulStuff */ = {
			isa = PBXGroup;
			children = (
				6518349F1227EED400B4AE43 /* build.sh */,
				65CD39A01226872A0061EEBF /* scripts */,
				08FB77AEFE84172EC02AAC07 /* Classes */,
				0867D69AFE84028FC02AAC07 /* Frameworks */,
				32C88DFF0371C24200C91783 /* Other Sources */,
				034768DFFF38A50411DB9C8B /* Products */,
				654ED656116C5B62007AB3BA /* Resources */,
				650357A9116A1B8600202897 /* Tests */,
			);
			name = dUsefulStuff;
			sourceTree = "<group>";
		};
		0867D69AFE84028FC02AAC07 /* Frameworks */ = {
			isa = PBXGroup;
			children = (
				6576D1C3121C0CAF00CBE1B0 /* GHUnitIOS.framework */,
				65F21672116C67FB0086F808 /* OCMock */,
				AACBBE490F95108600F1A2B1 /* Foundation.framework */,
				65269778116EF91E003C63D3 /* CoreGraphics.framework */,
				65269783116EF983003C63D3 /* UIKit.framework */,
			);
			name = Frameworks;
			sourceTree = "<group>";
		};
		08FB77AEFE84172EC02AAC07 /* Classes */ = {
			isa = PBXGroup;
			children = (
				6503579B116A1B8100202897 /* DCCommon.h */,
				6503579C116A1B8100202897 /* DCUIRating.h */,
				6503579D116A1B8100202897 /* DCUIRating.m */,
				65001C96117C87F500C6ACA8 /* DCUIRatingPopupBubble.h */,
				65001C97117C87F500C6ACA8 /* DCUIRatingPopupBubble.m */,
				6503579E116A1B8100202897 /* NSDictionary+dUsefulStuff.h */,
				6503579F116A1B8100202897 /* NSDictionary+dUsefulStuff.m */,
				650357A0116A1B8100202897 /* NSMutableDictionary+dUsefulStuff.h */,
				650357A1116A1B8100202897 /* NSMutableDictionary+dUsefulStuff.m */,
				65CD392E122551E90061EEBF /* DCDialogs.h */,
				65CD392F122551E90061EEBF /* DCDialogs.m */,
			);
			name = Classes;
			sourceTree = "<group>";
		};
		32C88DFF0371C24200C91783 /* Other Sources */ = {
			isa = PBXGroup;
			children = (
				AA747D9E0F9514B9006C5449 /* dUsefulStuff_Prefix.pch */,
			);
			name = "Other Sources";
			sourceTree = "<group>";
		};
		650357A9116A1B8600202897 /* Tests */ = {
			isa = PBXGroup;
			children = (
				6576D210121C1EFA00CBE1B0 /* GHUnitIOSTestMain.m */,
				650357AA116A1BAA00202897 /* blank_10_x_10.png */,
				65001DB7117F2C8700C6ACA8 /* BubbleViewTests.m */,
				650357AC116A1BAA00202897 /* DCCommonTests.m */,
				650357AD116A1BAA00202897 /* DCUIRatingTests.m */,
				650357AE116A1BAA00202897 /* dUsefulStuff unit tests-Info.plist */,
				650357B0116A1BAA00202897 /* NSDictionary+dUsefulStuffTests.m */,
				650357B1116A1BAA00202897 /* NSMutableDictionary+dUsefulStuffTests.m */,
				65F21665116C677F0086F808 /* Rating tests */,
			);
			name = Tests;
			sourceTree = "<group>";
		};
		654ED656116C5B62007AB3BA /* Resources */ = {
			isa = PBXGroup;
			children = (
				656B793411796FE000F19C5D /* bubble.png */,
				657D8F731170B4E60044EF4F /* installDocSet */,
				654ED65A116C5B89007AB3BA /* docset.plist */,
				654ED65B116C5B89007AB3BA /* doxygen-appledoc.config */,
				654ED65C116C5B89007AB3BA /* ReadMe.markdown */,
				654ED65D116C5B89007AB3BA /* star-active.png */,
				654ED65E116C5B89007AB3BA /* star-half-active.png */,
				654ED65F116C5B89007AB3BA /* star.png */,
				65CD37711225288D0061EEBF /* framework.plist */,
			);
			name = Resources;
			sourceTree = "<group>";
		};
		65CD39A01226872A0061EEBF /* scripts */ = {
			isa = PBXGroup;
			children = (
				65CD39A31226880D0061EEBF /* buildStaticLibrary.sh */,
				65CD39A4122689B10061EEBF /* common.sh */,
				651834AD1227F19D00B4AE43 /* createDocumentation.sh */,
				651834AE1227F3A300B4AE43 /* clean.sh */,
				651834BB1227F98200B4AE43 /* assembleFramework.sh */,
				651834BC1227F9AC00B4AE43 /* createDmg.sh */,
			);
			path = scripts;
			sourceTree = "<group>";
		};
		65F21665116C677F0086F808 /* Rating tests */ = {
			isa = PBXGroup;
			children = (
				650357B2116A1BAA00202897 /* RatingTest-Info.plist */,
				650357B3116A1BAA00202897 /* RatingTest.xib */,
				650357B4116A1BAA00202897 /* RatingTestAppDelegate.h */,
				650357B5116A1BAA00202897 /* RatingTestAppDelegate.m */,
				650357B6116A1BAA00202897 /* RatingTestController.h */,
				650357B7116A1BAA00202897 /* RatingTestController.m */,
				650357AF116A1BAA00202897 /* main.m */,
			);
			name = "Rating tests";
			sourceTree = "<group>";
		};
		65F21672116C67FB0086F808 /* OCMock */ = {
			isa = PBXGroup;
			children = (
				65D66C3A1175FC07001132D1 /* libOCMock-static.a */,
				65D66C3B1175FC07001132D1 /* NSInvocation+OCMAdditions.h */,
				65D66C3C1175FC07001132D1 /* NSMethodSignature+OCMAdditions.h */,
				65D66C3D1175FC07001132D1 /* NSNotificationCenter+OCMAdditions.h */,
				65D66C3E1175FC07001132D1 /* OCClassMockObject.h */,
				65D66C3F1175FC07001132D1 /* OCMArg.h */,
				65D66C401175FC07001132D1 /* OCMBoxedReturnValueProvider.h */,
				65D66C411175FC07001132D1 /* OCMConstraint.h */,
				65D66C421175FC07001132D1 /* OCMExceptionReturnValueProvider.h */,
				65D66C431175FC07001132D1 /* OCMIndirectReturnValueProvider.h */,
				65D66C441175FC07001132D1 /* OCMNotificationPoster.h */,
				65D66C451175FC07001132D1 /* OCMObserverRecorder.h */,
				65D66C461175FC07001132D1 /* OCMock.h */,
				65D66C471175FC07001132D1 /* OCMockObject.h */,
				65D66C481175FC07001132D1 /* OCMockRecorder.h */,
				65D66C491175FC07001132D1 /* OCMPassByRefSetter.h */,
				65D66C4A1175FC07001132D1 /* OCMReturnValueProvider.h */,
				65D66C4B1175FC07001132D1 /* OCObserverMockObject.h */,
				65D66C4C1175FC07001132D1 /* OCPartialMockObject.h */,
				65D66C4D1175FC07001132D1 /* OCPartialMockRecorder.h */,
				65D66C4E1175FC07001132D1 /* OCProtocolMockObject.h */,
			);
			name = OCMock;
			sourceTree = "<group>";
		};
/* End PBXGroup section */

/* Begin PBXHeadersBuildPhase section */
		65A0C67F116EF534003AC854 /* Headers */ = {
			isa = PBXHeadersBuildPhase;
			buildActionMask = 2147483647;
			files = (
				65A0C680116EF534003AC854 /* DCCommon.h in Headers */,
				65A0C681116EF534003AC854 /* DCUIRating.h in Headers */,
				65A0C682116EF534003AC854 /* NSDictionary+dUsefulStuff.h in Headers */,
				65A0C683116EF534003AC854 /* NSMutableDictionary+dUsefulStuff.h in Headers */,
				65001C9A117C87F500C6ACA8 /* DCUIRatingPopupBubble.h in Headers */,
				65CD3930122551E90061EEBF /* DCDialogs.h in Headers */,
			);
			runOnlyForDeploymentPostprocessing = 0;
		};
/* End PBXHeadersBuildPhase section */

/* Begin PBXNativeTarget section */
		653AD37C116E13CF006E2268 /* Run unit tests (Simulator) */ = {
			isa = PBXNativeTarget;
			buildConfigurationList = 653AD382116E13CF006E2268 /* Build configuration list for PBXNativeTarget "Run unit tests (Simulator)" */;
			buildPhases = (
				653AD379116E13CF006E2268 /* Resources */,
				653AD37A116E13CF006E2268 /* Sources */,
				653AD37B116E13CF006E2268 /* Frameworks */,
			);
			buildRules = (
			);
			dependencies = (
				65A0C695116EF5C2003AC854 /* PBXTargetDependency */,
			);
			name = "Run unit tests (Simulator)";
			productName = "Run unit tests (Simulator)";
			productReference = 6579F224116E1AC00065C30E /* dUsefulStuff simulator unit tests.app */;
			productType = "com.apple.product-type.application";
		};
		659D2BE4117747BA0056AA74 /* Application Test (Simulator) */ = {
			isa = PBXNativeTarget;
			buildConfigurationList = 659D2BEA117747BA0056AA74 /* Build configuration list for PBXNativeTarget "Application Test (Simulator)" */;
			buildPhases = (
				659D2BE1117747BA0056AA74 /* Resources */,
				659D2BE2117747BA0056AA74 /* Sources */,
				659D2BE3117747BA0056AA74 /* Frameworks */,
			);
			buildRules = (
			);
			dependencies = (
				659D2BEC117747C30056AA74 /* PBXTargetDependency */,
			);
			name = "Application Test (Simulator)";
			productName = "Application Test";
			productReference = 659D2BE5117747BA0056AA74 /* dUsefullStuff App Test Simulator.app */;
			productType = "com.apple.product-type.application";
		};
		65A0C679116EF534003AC854 /* Build Library */ = {
			isa = PBXNativeTarget;
			buildConfigurationList = 65A0C68C116EF534003AC854 /* Build configuration list for PBXNativeTarget "Build Library" */;
			buildPhases = (
				65A0C67F116EF534003AC854 /* Headers */,
				65A0C684116EF534003AC854 /* Sources */,
				65A0C688116EF534003AC854 /* Frameworks */,
				65FE651311BBDA0100C14BA3 /* CopyFiles */,
			);
			buildRules = (
			);
			dependencies = (
			);
			name = "Build Library";
			productName = dUsefulStuff;
			productReference = 65A0C68F116EF534003AC854 /* libdUsefulStuff.a */;
			productType = "com.apple.product-type.library.static";
		};
/* End PBXNativeTarget section */

/* Begin PBXProject section */
		0867D690FE84028FC02AAC07 /* Project object */ = {
			isa = PBXProject;
			attributes = {
				BuildIndependentTargetsInParallel = YES;
			};
			buildConfigurationList = 1DEB922208733DC00010E9CD /* Build configuration list for PBXProject "dUsefulStuff" */;
			compatibilityVersion = "Xcode 3.2";
			hasScannedForEncodings = 1;
			mainGroup = 0867D691FE84028FC02AAC07 /* dUsefulStuff */;
			productRefGroup = 034768DFFF38A50411DB9C8B /* Products */;
			projectDirPath = "";
			projectRoot = "";
			targets = (
				65A0C679116EF534003AC854 /* Build Library */,
				653AD37C116E13CF006E2268 /* Run unit tests (Simulator) */,
				659D2BE4117747BA0056AA74 /* Application Test (Simulator) */,
				65D75B8511B7D19E003D938D /* Build release framework */,
			);
		};
/* End PBXProject section */

/* Begin PBXResourcesBuildPhase section */
		653AD379116E13CF006E2268 /* Resources */ = {
			isa = PBXResourcesBuildPhase;
			buildActionMask = 2147483647;
			files = (
				653AD383116E146E006E2268 /* blank_10_x_10.png in Resources */,
				65CD37721225288D0061EEBF /* framework.plist in Resources */,
			);
			runOnlyForDeploymentPostprocessing = 0;
		};
		659D2BE1117747BA0056AA74 /* Resources */ = {
			isa = PBXResourcesBuildPhase;
			buildActionMask = 2147483647;
			files = (
				659D2BEE117748000056AA74 /* RatingTest.xib in Resources */,
				659D2BF21177480B0056AA74 /* star-active.png in Resources */,
				659D2BF31177480C0056AA74 /* star-half-active.png in Resources */,
				659D2BF41177480D0056AA74 /* star.png in Resources */,
				656B793511796FE000F19C5D /* bubble.png in Resources */,
			);
			runOnlyForDeploymentPostprocessing = 0;
		};
/* End PBXResourcesBuildPhase section */

/* Begin PBXShellScriptBuildPhase section */
		65D75B8411B7D19E003D938D /* ShellScript */ = {
			isa = PBXShellScriptBuildPhase;
			buildActionMask = 2147483647;
			files = (
			);
			inputPaths = (
			);
			outputPaths = (
			);
			runOnlyForDeploymentPostprocessing = 0;
			shellPath = /bin/sh;
			shellScript = ./build.sh;
		};
/* End PBXShellScriptBuildPhase section */

/* Begin PBXSourcesBuildPhase section */
		653AD37A116E13CF006E2268 /* Sources */ = {
			isa = PBXSourcesBuildPhase;
			buildActionMask = 2147483647;
			files = (
				653AD384116E153F006E2268 /* DCCommonTests.m in Sources */,
				653AD385116E153F006E2268 /* DCUIRatingTests.m in Sources */,
				653AD386116E153F006E2268 /* NSDictionary+dUsefulStuffTests.m in Sources */,
				653AD387116E153F006E2268 /* NSMutableDictionary+dUsefulStuffTests.m in Sources */,
				65001DF4117F32CA00C6ACA8 /* BubbleViewTests.m in Sources */,
				6576D211121C1EFA00CBE1B0 /* GHUnitIOSTestMain.m in Sources */,
				65CD3932122552060061EEBF /* DCDialogs.m in Sources */,
			);
			runOnlyForDeploymentPostprocessing = 0;
		};
		659D2BE2117747BA0056AA74 /* Sources */ = {
			isa = PBXSourcesBuildPhase;
			buildActionMask = 2147483647;
			files = (
				659D2BEF117748010056AA74 /* RatingTestAppDelegate.m in Sources */,
				659D2BF0117748030056AA74 /* RatingTestController.m in Sources */,
				659D2BF1117748040056AA74 /* main.m in Sources */,
				65CD3933122552060061EEBF /* DCDialogs.m in Sources */,
			);
			runOnlyForDeploymentPostprocessing = 0;
		};
		65A0C684116EF534003AC854 /* Sources */ = {
			isa = PBXSourcesBuildPhase;
			buildActionMask = 2147483647;
			files = (
				65A0C685116EF534003AC854 /* DCUIRating.m in Sources */,
				65A0C686116EF534003AC854 /* NSDictionary+dUsefulStuff.m in Sources */,
				65A0C687116EF534003AC854 /* NSMutableDictionary+dUsefulStuff.m in Sources */,
				65001C9B117C87F500C6ACA8 /* DCUIRatingPopupBubble.m in Sources */,
				65CD3931122551E90061EEBF /* DCDialogs.m in Sources */,
			);
			runOnlyForDeploymentPostprocessing = 0;
		};
/* End PBXSourcesBuildPhase section */

/* Begin PBXTargetDependency section */
		659D2BEC117747C30056AA74 /* PBXTargetDependency */ = {
			isa = PBXTargetDependency;
			target = 65A0C679116EF534003AC854 /* Build Library */;
			targetProxy = 659D2BEB117747C30056AA74 /* PBXContainerItemProxy */;
		};
		65A0C695116EF5C2003AC854 /* PBXTargetDependency */ = {
			isa = PBXTargetDependency;
			target = 65A0C679116EF534003AC854 /* Build Library */;
			targetProxy = 65A0C694116EF5C2003AC854 /* PBXContainerItemProxy */;
		};
/* End PBXTargetDependency section */

/* Begin XCBuildConfiguration section */
		1DEB922308733DC00010E9CD /* Debug */ = {
			isa = XCBuildConfiguration;
			buildSettings = {
				ARCHS = "$(ARCHS_UNIVERSAL_IPHONE_OS)";
				BUILD_STYLE = Debug;
				CURRENT_PROJECT_VERSION = 0.0.4;
				GCC_C_LANGUAGE_STANDARD = c99;
				GCC_OPTIMIZATION_LEVEL = 0;
				GCC_PREPROCESSOR_DEFINITIONS = DC_DEBUG;
				GCC_WARN_ABOUT_RETURN_TYPE = YES;
				GCC_WARN_UNUSED_VARIABLE = YES;
				IPHONEOS_DEPLOYMENT_TARGET = 3.2;
				PRODUCT_NAME = dUsefulStuff;
				RUN_CLANG_STATIC_ANALYZER = NO;
				SDKROOT = iphonesimulator3.2;
				TARGETED_DEVICE_FAMILY = "1,2";
			};
			name = Debug;
		};
		1DEB922408733DC00010E9CD /* Release */ = {
			isa = XCBuildConfiguration;
			buildSettings = {
				ARCHS = "$(ARCHS_UNIVERSAL_IPHONE_OS)";
				BUILD_STYLE = Release;
				CURRENT_PROJECT_VERSION = 0.0.4;
				GCC_C_LANGUAGE_STANDARD = c99;
				GCC_WARN_ABOUT_RETURN_TYPE = YES;
				GCC_WARN_UNUSED_VARIABLE = YES;
				IPHONEOS_DEPLOYMENT_TARGET = 3.2;
				PRODUCT_NAME = dUsefulStuff;
				RUN_CLANG_STATIC_ANALYZER = NO;
				SDKROOT = iphonesimulator3.2;
				TARGETED_DEVICE_FAMILY = "1,2";
			};
			name = Release;
		};
		653AD380116E13CF006E2268 /* Debug */ = {
			isa = XCBuildConfiguration;
			buildSettings = {
				ALWAYS_SEARCH_USER_PATHS = NO;
				ARCHS = "$(ARCHS_UNIVERSAL_IPHONE_OS)";
				BUILD_STYLE = Debug;
				CODE_SIGN_IDENTITY = "iPhone Developer";
				COPY_PHASE_STRIP = NO;
				FRAMEWORK_SEARCH_PATHS = (
					"$(inherited)",
					"\"$(SRCROOT)/../tools\"",
				);
				GCC_DYNAMIC_NO_PIC = NO;
				GCC_OPTIMIZATION_LEVEL = 0;
				GCC_PRECOMPILE_PREFIX_HEADER = YES;
				GCC_PREFIX_HEADER = dUsefulStuff_Prefix.pch;
				INFOPLIST_FILE = "src/tests/dUsefulStuff unit tests-Info.plist";
				INSTALL_PATH = "$(HOME)/Applications";
				LIBRARY_SEARCH_PATHS = (
					"$(inherited)",
					"\"$(SRCROOT)/../tools/OCMock-static\"",
				);
				OTHER_LDFLAGS = (
					"-all_load",
					"-ObjC",
				);
				PREBINDING = NO;
				PRODUCT_NAME = "dUsefulStuff simulator unit tests";
				SDKROOT = iphonesimulator3.2;
			};
			name = Debug;
		};
		653AD381116E13CF006E2268 /* Release */ = {
			isa = XCBuildConfiguration;
			buildSettings = {
				ALWAYS_SEARCH_USER_PATHS = NO;
				ARCHS = "$(ARCHS_UNIVERSAL_IPHONE_OS)";
				BUILD_STYLE = Release;
				CODE_SIGN_IDENTITY = "iPhone Developer";
				COPY_PHASE_STRIP = YES;
				DEBUG_INFORMATION_FORMAT = "dwarf-with-dsym";
				FRAMEWORK_SEARCH_PATHS = (
					"$(inherited)",
					"\"$(SRCROOT)/../tools\"",
				);
				GCC_ENABLE_FIX_AND_CONTINUE = NO;
				GCC_PRECOMPILE_PREFIX_HEADER = YES;
				GCC_PREFIX_HEADER = dUsefulStuff_Prefix.pch;
				INFOPLIST_FILE = "src/tests/dUsefulStuff unit tests-Info.plist";
				INSTALL_PATH = "$(HOME)/Applications";
				LIBRARY_SEARCH_PATHS = (
					"$(inherited)",
					"\"$(SRCROOT)/../tools/OCMock-static\"",
				);
				OTHER_LDFLAGS = (
					"-all_load",
					"-ObjC",
				);
				PREBINDING = NO;
				PRODUCT_NAME = "dUsefulStuff simulator unit tests";
				SDKROOT = iphonesimulator3.2;
				ZERO_LINK = NO;
			};
			name = Release;
		};
		659D2BE8117747BA0056AA74 /* Debug */ = {
			isa = XCBuildConfiguration;
			buildSettings = {
				ALWAYS_SEARCH_USER_PATHS = NO;
				BUILD_STYLE = Debug;
				CODE_SIGN_IDENTITY = "iPhone Developer";
				COPY_PHASE_STRIP = NO;
				GCC_DYNAMIC_NO_PIC = NO;
				GCC_OPTIMIZATION_LEVEL = 0;
				GCC_PRECOMPILE_PREFIX_HEADER = YES;
				GCC_PREFIX_HEADER = "$(SYSTEM_LIBRARY_DIR)/Frameworks/UIKit.framework/Headers/UIKit.h";
				INFOPLIST_FILE = "src/tests/RatingTest-Info.plist";
				INSTALL_PATH = "$(HOME)/Applications";
				OTHER_CFLAGS = "";
				OTHER_LDFLAGS = (
					"-framework",
					Foundation,
					"-framework",
					UIKit,
					"-ObjC",
				);
				PREBINDING = NO;
				PRODUCT_NAME = "dUsefullStuff App Test Simulator";
				SDKROOT = iphonesimulator3.2;
			};
			name = Debug;
		};
		659D2BE9117747BA0056AA74 /* Release */ = {
			isa = XCBuildConfiguration;
			buildSettings = {
				ALWAYS_SEARCH_USER_PATHS = NO;
				BUILD_STYLE = Release;
				CODE_SIGN_IDENTITY = "iPhone Developer";
				COPY_PHASE_STRIP = YES;
				DEBUG_INFORMATION_FORMAT = "dwarf-with-dsym";
				GCC_ENABLE_FIX_AND_CONTINUE = NO;
				GCC_PRECOMPILE_PREFIX_HEADER = YES;
				GCC_PREFIX_HEADER = "$(SYSTEM_LIBRARY_DIR)/Frameworks/UIKit.framework/Headers/UIKit.h";
				INFOPLIST_FILE = "src/tests/RatingTest-Info.plist";
				INSTALL_PATH = "$(HOME)/Applications";
				OTHER_LDFLAGS = (
					"-framework",
					Foundation,
					"-framework",
					UIKit,
					"-ObjC",
				);
				PREBINDING = NO;
				PRODUCT_NAME = "dUsefullStuff App Test Simulator";
				SDKROOT = iphonesimulator3.2;
				ZERO_LINK = NO;
			};
			name = Release;
		};
		65A0C68D116EF534003AC854 /* Debug */ = {
			isa = XCBuildConfiguration;
			buildSettings = {
				ARCHS = "$(ARCHS_STANDARD_32_BIT)";
				BUILD_STYLE = Debug;
				GCC_PREFIX_HEADER = dUsefulStuff_Prefix.pch;
				SDKROOT = iphonesimulator3.2;
			};
			name = Debug;
		};
		65A0C68E116EF534003AC854 /* Release */ = {
			isa = XCBuildConfiguration;
			buildSettings = {
				ARCHS = "$(ARCHS_STANDARD_32_BIT)";
				BUILD_STYLE = Release;
				GCC_PREFIX_HEADER = dUsefulStuff_Prefix.pch;
				SDKROOT = iphonesimulator3.2;
			};
			name = Release;
		};
		65D75B8611B7D19E003D938D /* Debug */ = {
			isa = XCBuildConfiguration;
			buildSettings = {
				BUILD_STYLE = Debug;
				COPY_PHASE_STRIP = NO;
				DC_BUILD_TARGET = "Build Library";
				GCC_DYNAMIC_NO_PIC = NO;
				GCC_OPTIMIZATION_LEVEL = 0;
			};
			name = Debug;
		};
		65D75B8711B7D19E003D938D /* Release */ = {
			isa = XCBuildConfiguration;
			buildSettings = {
				BUILD_STYLE = Release;
				COPY_PHASE_STRIP = YES;
				DC_BUILD_TARGET = "Build Library";
				DEBUG_INFORMATION_FORMAT = "dwarf-with-dsym";
				GCC_ENABLE_FIX_AND_CONTINUE = NO;
				ZERO_LINK = NO;
			};
			name = Release;
		};
/* End XCBuildConfiguration section */

/* Begin XCConfigurationList section */
		1DEB922208733DC00010E9CD /* Build configuration list for PBXProject "dUsefulStuff" */ = {
			isa = XCConfigurationList;
			buildConfigurations = (
				1DEB922308733DC00010E9CD /* Debug */,
				1DEB922408733DC00010E9CD /* Release */,
			);
			defaultConfigurationIsVisible = 0;
			defaultConfigurationName = Release;
		};
		653AD382116E13CF006E2268 /* Build configuration list for PBXNativeTarget "Run unit tests (Simulator)" */ = {
			isa = XCConfigurationList;
			buildConfigurations = (
				653AD380116E13CF006E2268 /* Debug */,
				653AD381116E13CF006E2268 /* Release */,
			);
			defaultConfigurationIsVisible = 0;
			defaultConfigurationName = Release;
		};
		659D2BEA117747BA0056AA74 /* Build configuration list for PBXNativeTarget "Application Test (Simulator)" */ = {
			isa = XCConfigurationList;
			buildConfigurations = (
				659D2BE8117747BA0056AA74 /* Debug */,
				659D2BE9117747BA0056AA74 /* Release */,
			);
			defaultConfigurationIsVisible = 0;
			defaultConfigurationName = Release;
		};
		65A0C68C116EF534003AC854 /* Build configuration list for PBXNativeTarget "Build Library" */ = {
			isa = XCConfigurationList;
			buildConfigurations = (
				65A0C68D116EF534003AC854 /* Debug */,
				65A0C68E116EF534003AC854 /* Release */,
			);
			defaultConfigurationIsVisible = 0;
			defaultConfigurationName = Release;
		};
		65D75B8811B7D1BC003D938D /* Build configuration list for PBXAggregateTarget "Build release framework" */ = {
			isa = XCConfigurationList;
			buildConfigurations = (
				65D75B8611B7D19E003D938D /* Debug */,
				65D75B8711B7D19E003D938D /* Release */,
			);
			defaultConfigurationIsVisible = 0;
			defaultConfigurationName = Release;
		};
/* End XCConfigurationList section */
	};
	rootObject = 0867D690FE84028FC02AAC07 /* Project object */;
}
