// !$*UTF8*$!
{
	archiveVersion = 1;
	classes = {
	};
	objectVersion = 46;
	objects = {

/* Begin PBXAggregateTarget section */
		6564F730116F435A00AF91EF /* Build API documentation */ = {
			isa = PBXAggregateTarget;
			buildConfigurationList = 6564F733116F437800AF91EF /* Build configuration list for PBXAggregateTarget "Build API documentation" */;
			buildPhases = (
				6564F72F116F435A00AF91EF /* ShellScript */,
			);
			dependencies = (
				657D8F751170B58A0044EF4F /* PBXTargetDependency */,
				6564F763116F66DA00AF91EF /* PBXTargetDependency */,
			);
			name = "Build API documentation";
			productName = "Build API documentation";
		};
		657D8F691170B1820044EF4F /* Create bundles */ = {
			isa = PBXAggregateTarget;
			buildConfigurationList = 657D8F6F1170B1A80044EF4F /* Build configuration list for PBXAggregateTarget "Create bundles" */;
			buildPhases = (
				657D8F681170B1820044EF4F /* ShellScript */,
			);
			dependencies = (
				657D8F6D1170B18A0044EF4F /* PBXTargetDependency */,
			);
			name = "Create bundles";
			productName = "Create bundles";
		};
/* End PBXAggregateTarget section */

/* Begin PBXBuildFile section */
		650357A2116A1B8100202897 /* DCCommon.h in Headers */ = {isa = PBXBuildFile; fileRef = 6503579B116A1B8100202897 /* DCCommon.h */; settings = {ATTRIBUTES = (Public, ); }; };
		650357A3116A1B8100202897 /* DCUIRating.h in Headers */ = {isa = PBXBuildFile; fileRef = 6503579C116A1B8100202897 /* DCUIRating.h */; settings = {ATTRIBUTES = (Public, ); }; };
		650357A4116A1B8100202897 /* DCUIRating.m in Sources */ = {isa = PBXBuildFile; fileRef = 6503579D116A1B8100202897 /* DCUIRating.m */; };
		650357A5116A1B8100202897 /* NSDictionary+dUsefulStuff.h in Headers */ = {isa = PBXBuildFile; fileRef = 6503579E116A1B8100202897 /* NSDictionary+dUsefulStuff.h */; settings = {ATTRIBUTES = (Public, ); }; };
		650357A6116A1B8100202897 /* NSDictionary+dUsefulStuff.m in Sources */ = {isa = PBXBuildFile; fileRef = 6503579F116A1B8100202897 /* NSDictionary+dUsefulStuff.m */; };
		650357A7116A1B8100202897 /* NSMutableDictionary+dUsefulStuff.h in Headers */ = {isa = PBXBuildFile; fileRef = 650357A0116A1B8100202897 /* NSMutableDictionary+dUsefulStuff.h */; settings = {ATTRIBUTES = (Public, ); }; };
		650357A8116A1B8100202897 /* NSMutableDictionary+dUsefulStuff.m in Sources */ = {isa = PBXBuildFile; fileRef = 650357A1116A1B8100202897 /* NSMutableDictionary+dUsefulStuff.m */; };
		65269779116EF91E003C63D3 /* CoreGraphics.framework in Frameworks */ = {isa = PBXBuildFile; fileRef = 65269778116EF91E003C63D3 /* CoreGraphics.framework */; };
		65269784116EF983003C63D3 /* UIKit.framework in Frameworks */ = {isa = PBXBuildFile; fileRef = 65269783116EF983003C63D3 /* UIKit.framework */; };
		652697A6116EF98B003C63D3 /* CoreGraphics.framework in Frameworks */ = {isa = PBXBuildFile; fileRef = 65269778116EF91E003C63D3 /* CoreGraphics.framework */; };
		652697A7116EF98B003C63D3 /* CoreGraphics.framework in Frameworks */ = {isa = PBXBuildFile; fileRef = 65269778116EF91E003C63D3 /* CoreGraphics.framework */; };
		652697A8116EF98C003C63D3 /* CoreGraphics.framework in Frameworks */ = {isa = PBXBuildFile; fileRef = 65269778116EF91E003C63D3 /* CoreGraphics.framework */; };
		652697E7116EF992003C63D3 /* UIKit.framework in Frameworks */ = {isa = PBXBuildFile; fileRef = 65269783116EF983003C63D3 /* UIKit.framework */; };
		652697E8116EF992003C63D3 /* UIKit.framework in Frameworks */ = {isa = PBXBuildFile; fileRef = 65269783116EF983003C63D3 /* UIKit.framework */; };
		652697E9116EF992003C63D3 /* UIKit.framework in Frameworks */ = {isa = PBXBuildFile; fileRef = 65269783116EF983003C63D3 /* UIKit.framework */; };
		65296A45116E066C002B1FB9 /* Foundation.framework in Frameworks */ = {isa = PBXBuildFile; fileRef = AACBBE490F95108600F1A2B1 /* Foundation.framework */; };
		653AD383116E146E006E2268 /* blank_10_x_10.png in Resources */ = {isa = PBXBuildFile; fileRef = 650357AA116A1BAA00202897 /* blank_10_x_10.png */; };
		653AD384116E153F006E2268 /* DCCommonTests.m in Sources */ = {isa = PBXBuildFile; fileRef = 650357AC116A1BAA00202897 /* DCCommonTests.m */; };
		653AD385116E153F006E2268 /* DCUIRatingTests.m in Sources */ = {isa = PBXBuildFile; fileRef = 650357AD116A1BAA00202897 /* DCUIRatingTests.m */; };
		653AD386116E153F006E2268 /* NSDictionary+dUsefulStuffTests.m in Sources */ = {isa = PBXBuildFile; fileRef = 650357B0116A1BAA00202897 /* NSDictionary+dUsefulStuffTests.m */; };
		653AD387116E153F006E2268 /* NSMutableDictionary+dUsefulStuffTests.m in Sources */ = {isa = PBXBuildFile; fileRef = 650357B1116A1BAA00202897 /* NSMutableDictionary+dUsefulStuffTests.m */; };
		653AD415116E165B006E2268 /* Foundation.framework in Frameworks */ = {isa = PBXBuildFile; fileRef = AACBBE490F95108600F1A2B1 /* Foundation.framework */; };
		654ED660116C5B96007AB3BA /* ReadMe.markdown in CopyFiles */ = {isa = PBXBuildFile; fileRef = 654ED65C116C5B89007AB3BA /* ReadMe.markdown */; };
		654ED661116C5B96007AB3BA /* star-active.png in CopyFiles */ = {isa = PBXBuildFile; fileRef = 654ED65D116C5B89007AB3BA /* star-active.png */; };
		654ED662116C5B96007AB3BA /* star-half-active.png in CopyFiles */ = {isa = PBXBuildFile; fileRef = 654ED65E116C5B89007AB3BA /* star-half-active.png */; };
		654ED663116C5B96007AB3BA /* star.png in CopyFiles */ = {isa = PBXBuildFile; fileRef = 654ED65F116C5B89007AB3BA /* star.png */; };
		6564F74C116F4E4200AF91EF /* GHUnitIPhoneTestMain.m in Sources */ = {isa = PBXBuildFile; fileRef = 6564F747116F4E4200AF91EF /* GHUnitIPhoneTestMain.m */; };
		6564F74D116F4E4200AF91EF /* libGHUnitIPhone3_0.a in Frameworks */ = {isa = PBXBuildFile; fileRef = 6564F749116F4E4200AF91EF /* libGHUnitIPhone3_0.a */; };
		6564F74E116F4E4200AF91EF /* GHUnitIPhoneTestMain.m in Sources */ = {isa = PBXBuildFile; fileRef = 6564F747116F4E4200AF91EF /* GHUnitIPhoneTestMain.m */; };
		6564F74F116F4E4200AF91EF /* libGHUnitIPhone3_0.a in Frameworks */ = {isa = PBXBuildFile; fileRef = 6564F749116F4E4200AF91EF /* libGHUnitIPhone3_0.a */; };
		6579F22F116E1B010065C30E /* libdUsefulStuff-device.a in Frameworks */ = {isa = PBXBuildFile; fileRef = 6579F220116E1AC00065C30E /* libdUsefulStuff-device.a */; };
		65A0C67B116EF534003AC854 /* ReadMe.markdown in CopyFiles */ = {isa = PBXBuildFile; fileRef = 654ED65C116C5B89007AB3BA /* ReadMe.markdown */; };
		65A0C67C116EF534003AC854 /* star-active.png in CopyFiles */ = {isa = PBXBuildFile; fileRef = 654ED65D116C5B89007AB3BA /* star-active.png */; };
		65A0C67D116EF534003AC854 /* star-half-active.png in CopyFiles */ = {isa = PBXBuildFile; fileRef = 654ED65E116C5B89007AB3BA /* star-half-active.png */; };
		65A0C67E116EF534003AC854 /* star.png in CopyFiles */ = {isa = PBXBuildFile; fileRef = 654ED65F116C5B89007AB3BA /* star.png */; };
		65A0C680116EF534003AC854 /* DCCommon.h in Headers */ = {isa = PBXBuildFile; fileRef = 6503579B116A1B8100202897 /* DCCommon.h */; settings = {ATTRIBUTES = (Public, ); }; };
		65A0C681116EF534003AC854 /* DCUIRating.h in Headers */ = {isa = PBXBuildFile; fileRef = 6503579C116A1B8100202897 /* DCUIRating.h */; settings = {ATTRIBUTES = (Public, ); }; };
		65A0C682116EF534003AC854 /* NSDictionary+dUsefulStuff.h in Headers */ = {isa = PBXBuildFile; fileRef = 6503579E116A1B8100202897 /* NSDictionary+dUsefulStuff.h */; settings = {ATTRIBUTES = (Public, ); }; };
		65A0C683116EF534003AC854 /* NSMutableDictionary+dUsefulStuff.h in Headers */ = {isa = PBXBuildFile; fileRef = 650357A0116A1B8100202897 /* NSMutableDictionary+dUsefulStuff.h */; settings = {ATTRIBUTES = (Public, ); }; };
		65A0C685116EF534003AC854 /* DCUIRating.m in Sources */ = {isa = PBXBuildFile; fileRef = 6503579D116A1B8100202897 /* DCUIRating.m */; };
		65A0C686116EF534003AC854 /* NSDictionary+dUsefulStuff.m in Sources */ = {isa = PBXBuildFile; fileRef = 6503579F116A1B8100202897 /* NSDictionary+dUsefulStuff.m */; };
		65A0C687116EF534003AC854 /* NSMutableDictionary+dUsefulStuff.m in Sources */ = {isa = PBXBuildFile; fileRef = 650357A1116A1B8100202897 /* NSMutableDictionary+dUsefulStuff.m */; };
		65A0C689116EF534003AC854 /* Foundation.framework in Frameworks */ = {isa = PBXBuildFile; fileRef = AACBBE490F95108600F1A2B1 /* Foundation.framework */; };
		65A0C6AB116EF691003AC854 /* libdUsefulStuff-simulator.a in Frameworks */ = {isa = PBXBuildFile; fileRef = 65A0C68F116EF534003AC854 /* libdUsefulStuff-simulator.a */; };
		65CA1C331173374C000DC347 /* GHUnitIPhoneTestMain.m in Sources */ = {isa = PBXBuildFile; fileRef = 65CA1C2E1173374C000DC347 /* GHUnitIPhoneTestMain.m */; };
		65CA1C341173374C000DC347 /* libGHUnitIPhone3_0.a in Frameworks */ = {isa = PBXBuildFile; fileRef = 65CA1C301173374C000DC347 /* libGHUnitIPhone3_0.a */; };
		65CA1C351173374C000DC347 /* GHUnitIPhoneTestMain.m in Sources */ = {isa = PBXBuildFile; fileRef = 65CA1C2E1173374C000DC347 /* GHUnitIPhoneTestMain.m */; };
		65CA1C361173374C000DC347 /* libGHUnitIPhone3_0.a in Frameworks */ = {isa = PBXBuildFile; fileRef = 65CA1C301173374C000DC347 /* libGHUnitIPhone3_0.a */; };
		65F2165C116C67460086F808 /* blank_10_x_10.png in Resources */ = {isa = PBXBuildFile; fileRef = 650357AA116A1BAA00202897 /* blank_10_x_10.png */; };
		65F2165D116C674A0086F808 /* DCCommonTests.m in Sources */ = {isa = PBXBuildFile; fileRef = 650357AC116A1BAA00202897 /* DCCommonTests.m */; };
		65F2165E116C674B0086F808 /* DCUIRatingTests.m in Sources */ = {isa = PBXBuildFile; fileRef = 650357AD116A1BAA00202897 /* DCUIRatingTests.m */; };
		65F21661116C67710086F808 /* NSDictionary+dUsefulStuffTests.m in Sources */ = {isa = PBXBuildFile; fileRef = 650357B0116A1BAA00202897 /* NSDictionary+dUsefulStuffTests.m */; };
		65F21662116C67710086F808 /* NSMutableDictionary+dUsefulStuffTests.m in Sources */ = {isa = PBXBuildFile; fileRef = 650357B1116A1BAA00202897 /* NSMutableDictionary+dUsefulStuffTests.m */; };
		AACBBE4A0F95108600F1A2B1 /* Foundation.framework in Frameworks */ = {isa = PBXBuildFile; fileRef = AACBBE490F95108600F1A2B1 /* Foundation.framework */; };
/* End PBXBuildFile section */

/* Begin PBXContainerItemProxy section */
		652967F5116DAA0E002B1FB9 /* PBXContainerItemProxy */ = {
			isa = PBXContainerItemProxy;
			containerPortal = 0867D690FE84028FC02AAC07 /* Project object */;
			proxyType = 1;
			remoteGlobalIDString = D2AAC07D0554694100DB518D;
			remoteInfo = "dUsefulStuff (Device)";
		};
		6564F762116F66DA00AF91EF /* PBXContainerItemProxy */ = {
			isa = PBXContainerItemProxy;
			containerPortal = 0867D690FE84028FC02AAC07 /* Project object */;
			proxyType = 1;
			remoteGlobalIDString = D2AAC07D0554694100DB518D;
			remoteInfo = "dUsefulStuff (Device)";
		};
		657D8F6C1170B18A0044EF4F /* PBXContainerItemProxy */ = {
			isa = PBXContainerItemProxy;
			containerPortal = 0867D690FE84028FC02AAC07 /* Project object */;
			proxyType = 1;
			remoteGlobalIDString = 6564F730116F435A00AF91EF;
			remoteInfo = "Build API documentation";
		};
		657D8F741170B58A0044EF4F /* PBXContainerItemProxy */ = {
			isa = PBXContainerItemProxy;
			containerPortal = 0867D690FE84028FC02AAC07 /* Project object */;
			proxyType = 1;
			remoteGlobalIDString = 65A0C679116EF534003AC854;
			remoteInfo = "dUsefulStuff (Simulator)";
		};
		65A0C694116EF5C2003AC854 /* PBXContainerItemProxy */ = {
			isa = PBXContainerItemProxy;
			containerPortal = 0867D690FE84028FC02AAC07 /* Project object */;
			proxyType = 1;
			remoteGlobalIDString = 65A0C679116EF534003AC854;
			remoteInfo = "dUsefulStuff (Simulator)";
		};
/* End PBXContainerItemProxy section */

/* Begin PBXCopyFilesBuildPhase section */
		654ED657116C5B62007AB3BA /* CopyFiles */ = {
			isa = PBXCopyFilesBuildPhase;
			buildActionMask = 2147483647;
			dstPath = "";
			dstSubfolderSpec = 16;
			files = (
				654ED660116C5B96007AB3BA /* ReadMe.markdown in CopyFiles */,
				654ED661116C5B96007AB3BA /* star-active.png in CopyFiles */,
				654ED662116C5B96007AB3BA /* star-half-active.png in CopyFiles */,
				654ED663116C5B96007AB3BA /* star.png in CopyFiles */,
			);
			runOnlyForDeploymentPostprocessing = 0;
		};
		65A0C67A116EF534003AC854 /* CopyFiles */ = {
			isa = PBXCopyFilesBuildPhase;
			buildActionMask = 2147483647;
			dstPath = "";
			dstSubfolderSpec = 16;
			files = (
				65A0C67B116EF534003AC854 /* ReadMe.markdown in CopyFiles */,
				65A0C67C116EF534003AC854 /* star-active.png in CopyFiles */,
				65A0C67D116EF534003AC854 /* star-half-active.png in CopyFiles */,
				65A0C67E116EF534003AC854 /* star.png in CopyFiles */,
			);
			runOnlyForDeploymentPostprocessing = 0;
		};
/* End PBXCopyFilesBuildPhase section */

/* Begin PBXFileReference section */
		6503579B116A1B8100202897 /* DCCommon.h */ = {isa = PBXFileReference; fileEncoding = 4; lastKnownFileType = sourcecode.c.h; name = DCCommon.h; path = src/code/DCCommon.h; sourceTree = "<group>"; };
		6503579C116A1B8100202897 /* DCUIRating.h */ = {isa = PBXFileReference; fileEncoding = 4; lastKnownFileType = sourcecode.c.h; name = DCUIRating.h; path = src/code/DCUIRating.h; sourceTree = "<group>"; };
		6503579D116A1B8100202897 /* DCUIRating.m */ = {isa = PBXFileReference; fileEncoding = 4; lastKnownFileType = sourcecode.c.objc; name = DCUIRating.m; path = src/code/DCUIRating.m; sourceTree = "<group>"; };
		6503579E116A1B8100202897 /* NSDictionary+dUsefulStuff.h */ = {isa = PBXFileReference; fileEncoding = 4; lastKnownFileType = sourcecode.c.h; name = "NSDictionary+dUsefulStuff.h"; path = "src/code/NSDictionary+dUsefulStuff.h"; sourceTree = "<group>"; };
		6503579F116A1B8100202897 /* NSDictionary+dUsefulStuff.m */ = {isa = PBXFileReference; fileEncoding = 4; lastKnownFileType = sourcecode.c.objc; name = "NSDictionary+dUsefulStuff.m"; path = "src/code/NSDictionary+dUsefulStuff.m"; sourceTree = "<group>"; };
		650357A0116A1B8100202897 /* NSMutableDictionary+dUsefulStuff.h */ = {isa = PBXFileReference; fileEncoding = 4; lastKnownFileType = sourcecode.c.h; name = "NSMutableDictionary+dUsefulStuff.h"; path = "src/code/NSMutableDictionary+dUsefulStuff.h"; sourceTree = "<group>"; };
		650357A1116A1B8100202897 /* NSMutableDictionary+dUsefulStuff.m */ = {isa = PBXFileReference; fileEncoding = 4; lastKnownFileType = sourcecode.c.objc; name = "NSMutableDictionary+dUsefulStuff.m"; path = "src/code/NSMutableDictionary+dUsefulStuff.m"; sourceTree = "<group>"; };
		650357AA116A1BAA00202897 /* blank_10_x_10.png */ = {isa = PBXFileReference; lastKnownFileType = image.png; name = blank_10_x_10.png; path = src/tests/blank_10_x_10.png; sourceTree = "<group>"; };
		650357AC116A1BAA00202897 /* DCCommonTests.m */ = {isa = PBXFileReference; fileEncoding = 4; lastKnownFileType = sourcecode.c.objc; name = DCCommonTests.m; path = src/tests/DCCommonTests.m; sourceTree = "<group>"; };
		650357AD116A1BAA00202897 /* DCUIRatingTests.m */ = {isa = PBXFileReference; fileEncoding = 4; lastKnownFileType = sourcecode.c.objc; name = DCUIRatingTests.m; path = src/tests/DCUIRatingTests.m; sourceTree = "<group>"; };
		650357AE116A1BAA00202897 /* dUsefulStuff unit tests-Info.plist */ = {isa = PBXFileReference; fileEncoding = 4; lastKnownFileType = text.plist.xml; name = "dUsefulStuff unit tests-Info.plist"; path = "src/tests/dUsefulStuff unit tests-Info.plist"; sourceTree = "<group>"; };
		650357AF116A1BAA00202897 /* main.m */ = {isa = PBXFileReference; fileEncoding = 4; lastKnownFileType = sourcecode.c.objc; name = main.m; path = src/tests/main.m; sourceTree = "<group>"; };
		650357B0116A1BAA00202897 /* NSDictionary+dUsefulStuffTests.m */ = {isa = PBXFileReference; fileEncoding = 4; lastKnownFileType = sourcecode.c.objc; name = "NSDictionary+dUsefulStuffTests.m"; path = "src/tests/NSDictionary+dUsefulStuffTests.m"; sourceTree = "<group>"; };
		650357B1116A1BAA00202897 /* NSMutableDictionary+dUsefulStuffTests.m */ = {isa = PBXFileReference; fileEncoding = 4; lastKnownFileType = sourcecode.c.objc; name = "NSMutableDictionary+dUsefulStuffTests.m"; path = "src/tests/NSMutableDictionary+dUsefulStuffTests.m"; sourceTree = "<group>"; };
		650357B2116A1BAA00202897 /* RatingTest-Info.plist */ = {isa = PBXFileReference; fileEncoding = 4; lastKnownFileType = text.plist.xml; name = "RatingTest-Info.plist"; path = "src/tests/RatingTest-Info.plist"; sourceTree = "<group>"; };
		650357B3116A1BAA00202897 /* RatingTest.xib */ = {isa = PBXFileReference; lastKnownFileType = file.xib; name = RatingTest.xib; path = src/tests/RatingTest.xib; sourceTree = "<group>"; };
		650357B4116A1BAA00202897 /* RatingTestAppDelegate.h */ = {isa = PBXFileReference; fileEncoding = 4; lastKnownFileType = sourcecode.c.h; name = RatingTestAppDelegate.h; path = src/tests/RatingTestAppDelegate.h; sourceTree = "<group>"; };
		650357B5116A1BAA00202897 /* RatingTestAppDelegate.m */ = {isa = PBXFileReference; fileEncoding = 4; lastKnownFileType = sourcecode.c.objc; name = RatingTestAppDelegate.m; path = src/tests/RatingTestAppDelegate.m; sourceTree = "<group>"; };
		650357B6116A1BAA00202897 /* RatingTestController.h */ = {isa = PBXFileReference; fileEncoding = 4; lastKnownFileType = sourcecode.c.h; name = RatingTestController.h; path = src/tests/RatingTestController.h; sourceTree = "<group>"; };
		650357B7116A1BAA00202897 /* RatingTestController.m */ = {isa = PBXFileReference; fileEncoding = 4; lastKnownFileType = sourcecode.c.objc; name = RatingTestController.m; path = src/tests/RatingTestController.m; sourceTree = "<group>"; };
		65269778116EF91E003C63D3 /* CoreGraphics.framework */ = {isa = PBXFileReference; lastKnownFileType = wrapper.framework; name = CoreGraphics.framework; path = System/Library/Frameworks/CoreGraphics.framework; sourceTree = SDKROOT; };
		65269783116EF983003C63D3 /* UIKit.framework */ = {isa = PBXFileReference; lastKnownFileType = wrapper.framework; name = UIKit.framework; path = System/Library/Frameworks/UIKit.framework; sourceTree = SDKROOT; };
		654ED65A116C5B89007AB3BA /* docset.plist */ = {isa = PBXFileReference; fileEncoding = 4; lastKnownFileType = text.plist.xml; path = docset.plist; sourceTree = "<group>"; };
		654ED65B116C5B89007AB3BA /* doxygen-appledoc.config */ = {isa = PBXFileReference; fileEncoding = 4; lastKnownFileType = text; path = "doxygen-appledoc.config"; sourceTree = "<group>"; };
		654ED65C116C5B89007AB3BA /* ReadMe.markdown */ = {isa = PBXFileReference; fileEncoding = 4; lastKnownFileType = text; path = ReadMe.markdown; sourceTree = "<group>"; };
		654ED65D116C5B89007AB3BA /* star-active.png */ = {isa = PBXFileReference; lastKnownFileType = image.png; path = "star-active.png"; sourceTree = "<group>"; };
		654ED65E116C5B89007AB3BA /* star-half-active.png */ = {isa = PBXFileReference; lastKnownFileType = image.png; path = "star-half-active.png"; sourceTree = "<group>"; };
		654ED65F116C5B89007AB3BA /* star.png */ = {isa = PBXFileReference; lastKnownFileType = image.png; path = star.png; sourceTree = "<group>"; };
		6564F73D116F4E4200AF91EF /* GHAsyncTestCase.h */ = {isa = PBXFileReference; fileEncoding = 4; lastKnownFileType = sourcecode.c.h; name = GHAsyncTestCase.h; path = "../tools/GHUnit-static/GHAsyncTestCase.h"; sourceTree = SOURCE_ROOT; };
		6564F73E116F4E4200AF91EF /* GHTest.h */ = {isa = PBXFileReference; fileEncoding = 4; lastKnownFileType = sourcecode.c.h; name = GHTest.h; path = "../tools/GHUnit-static/GHTest.h"; sourceTree = SOURCE_ROOT; };
		6564F73F116F4E4200AF91EF /* GHTestCase.h */ = {isa = PBXFileReference; fileEncoding = 4; lastKnownFileType = sourcecode.c.h; name = GHTestCase.h; path = "../tools/GHUnit-static/GHTestCase.h"; sourceTree = SOURCE_ROOT; };
		6564F740116F4E4200AF91EF /* GHTestGroup.h */ = {isa = PBXFileReference; fileEncoding = 4; lastKnownFileType = sourcecode.c.h; name = GHTestGroup.h; path = "../tools/GHUnit-static/GHTestGroup.h"; sourceTree = SOURCE_ROOT; };
		6564F741116F4E4200AF91EF /* GHTesting.h */ = {isa = PBXFileReference; fileEncoding = 4; lastKnownFileType = sourcecode.c.h; name = GHTesting.h; path = "../tools/GHUnit-static/GHTesting.h"; sourceTree = SOURCE_ROOT; };
		6564F742116F4E4200AF91EF /* GHTestMacros.h */ = {isa = PBXFileReference; fileEncoding = 4; lastKnownFileType = sourcecode.c.h; name = GHTestMacros.h; path = "../tools/GHUnit-static/GHTestMacros.h"; sourceTree = SOURCE_ROOT; };
		6564F743116F4E4200AF91EF /* GHTestRunner.h */ = {isa = PBXFileReference; fileEncoding = 4; lastKnownFileType = sourcecode.c.h; name = GHTestRunner.h; path = "../tools/GHUnit-static/GHTestRunner.h"; sourceTree = SOURCE_ROOT; };
		6564F744116F4E4200AF91EF /* GHTestSuite.h */ = {isa = PBXFileReference; fileEncoding = 4; lastKnownFileType = sourcecode.c.h; name = GHTestSuite.h; path = "../tools/GHUnit-static/GHTestSuite.h"; sourceTree = SOURCE_ROOT; };
		6564F745116F4E4200AF91EF /* GHUnit.h */ = {isa = PBXFileReference; fileEncoding = 4; lastKnownFileType = sourcecode.c.h; name = GHUnit.h; path = "../tools/GHUnit-static/GHUnit.h"; sourceTree = SOURCE_ROOT; };
		6564F746116F4E4200AF91EF /* GHUnitIPhoneAppDelegate.h */ = {isa = PBXFileReference; fileEncoding = 4; lastKnownFileType = sourcecode.c.h; name = GHUnitIPhoneAppDelegate.h; path = "../tools/GHUnit-static/GHUnitIPhoneAppDelegate.h"; sourceTree = SOURCE_ROOT; };
		6564F747116F4E4200AF91EF /* GHUnitIPhoneTestMain.m */ = {isa = PBXFileReference; fileEncoding = 4; lastKnownFileType = sourcecode.c.objc; name = GHUnitIPhoneTestMain.m; path = "../tools/GHUnit-static/GHUnitIPhoneTestMain.m"; sourceTree = SOURCE_ROOT; };
		6564F748116F4E4200AF91EF /* GHUNSObject+Swizzle.h */ = {isa = PBXFileReference; fileEncoding = 4; lastKnownFileType = sourcecode.c.h; name = "GHUNSObject+Swizzle.h"; path = "../tools/GHUnit-static/GHUNSObject+Swizzle.h"; sourceTree = SOURCE_ROOT; };
		6564F749116F4E4200AF91EF /* libGHUnitIPhone3_0.a */ = {isa = PBXFileReference; lastKnownFileType = archive.ar; name = libGHUnitIPhone3_0.a; path = "../tools/GHUnit-static/libGHUnitIPhone3_0.a"; sourceTree = SOURCE_ROOT; };
		6564F74A116F4E4200AF91EF /* NSException+GHTestFailureExceptions.h */ = {isa = PBXFileReference; fileEncoding = 4; lastKnownFileType = sourcecode.c.h; name = "NSException+GHTestFailureExceptions.h"; path = "../tools/GHUnit-static/NSException+GHTestFailureExceptions.h"; sourceTree = SOURCE_ROOT; };
		6564F74B116F4E4200AF91EF /* NSValue+GHValueFormatter.h */ = {isa = PBXFileReference; fileEncoding = 4; lastKnownFileType = sourcecode.c.h; name = "NSValue+GHValueFormatter.h"; path = "../tools/GHUnit-static/NSValue+GHValueFormatter.h"; sourceTree = SOURCE_ROOT; };
		6579F220116E1AC00065C30E /* libdUsefulStuff-device.a */ = {isa = PBXFileReference; explicitFileType = archive.ar; includeInIndex = 0; path = "libdUsefulStuff-device.a"; sourceTree = BUILT_PRODUCTS_DIR; };
		6579F222116E1AC00065C30E /* dUsefulStuff device unit tests.app */ = {isa = PBXFileReference; explicitFileType = wrapper.application; includeInIndex = 0; path = "dUsefulStuff device unit tests.app"; sourceTree = BUILT_PRODUCTS_DIR; };
		6579F224116E1AC00065C30E /* dUsefulStuff simulator unit tests.app */ = {isa = PBXFileReference; explicitFileType = wrapper.application; includeInIndex = 0; path = "dUsefulStuff simulator unit tests.app"; sourceTree = BUILT_PRODUCTS_DIR; };
		657D8F731170B4E60044EF4F /* installDocSet */ = {isa = PBXFileReference; fileEncoding = 4; lastKnownFileType = text; path = installDocSet; sourceTree = "<group>"; };
		65A0C68F116EF534003AC854 /* libdUsefulStuff-simulator.a */ = {isa = PBXFileReference; explicitFileType = archive.ar; includeInIndex = 0; path = "libdUsefulStuff-simulator.a"; sourceTree = BUILT_PRODUCTS_DIR; };
		65CA1C241173374C000DC347 /* GHAsyncTestCase.h */ = {isa = PBXFileReference; fileEncoding = 4; lastKnownFileType = sourcecode.c.h; name = GHAsyncTestCase.h; path = "../tools/GHUnit-static/GHAsyncTestCase.h"; sourceTree = SOURCE_ROOT; };
		65CA1C251173374C000DC347 /* GHTest.h */ = {isa = PBXFileReference; fileEncoding = 4; lastKnownFileType = sourcecode.c.h; name = GHTest.h; path = "../tools/GHUnit-static/GHTest.h"; sourceTree = SOURCE_ROOT; };
		65CA1C261173374C000DC347 /* GHTestCase.h */ = {isa = PBXFileReference; fileEncoding = 4; lastKnownFileType = sourcecode.c.h; name = GHTestCase.h; path = "../tools/GHUnit-static/GHTestCase.h"; sourceTree = SOURCE_ROOT; };
		65CA1C271173374C000DC347 /* GHTestGroup.h */ = {isa = PBXFileReference; fileEncoding = 4; lastKnownFileType = sourcecode.c.h; name = GHTestGroup.h; path = "../tools/GHUnit-static/GHTestGroup.h"; sourceTree = SOURCE_ROOT; };
		65CA1C281173374C000DC347 /* GHTesting.h */ = {isa = PBXFileReference; fileEncoding = 4; lastKnownFileType = sourcecode.c.h; name = GHTesting.h; path = "../tools/GHUnit-static/GHTesting.h"; sourceTree = SOURCE_ROOT; };
		65CA1C291173374C000DC347 /* GHTestMacros.h */ = {isa = PBXFileReference; fileEncoding = 4; lastKnownFileType = sourcecode.c.h; name = GHTestMacros.h; path = "../tools/GHUnit-static/GHTestMacros.h"; sourceTree = SOURCE_ROOT; };
		65CA1C2A1173374C000DC347 /* GHTestRunner.h */ = {isa = PBXFileReference; fileEncoding = 4; lastKnownFileType = sourcecode.c.h; name = GHTestRunner.h; path = "../tools/GHUnit-static/GHTestRunner.h"; sourceTree = SOURCE_ROOT; };
		65CA1C2B1173374C000DC347 /* GHTestSuite.h */ = {isa = PBXFileReference; fileEncoding = 4; lastKnownFileType = sourcecode.c.h; name = GHTestSuite.h; path = "../tools/GHUnit-static/GHTestSuite.h"; sourceTree = SOURCE_ROOT; };
		65CA1C2C1173374C000DC347 /* GHUnit.h */ = {isa = PBXFileReference; fileEncoding = 4; lastKnownFileType = sourcecode.c.h; name = GHUnit.h; path = "../tools/GHUnit-static/GHUnit.h"; sourceTree = SOURCE_ROOT; };
		65CA1C2D1173374C000DC347 /* GHUnitIPhoneAppDelegate.h */ = {isa = PBXFileReference; fileEncoding = 4; lastKnownFileType = sourcecode.c.h; name = GHUnitIPhoneAppDelegate.h; path = "../tools/GHUnit-static/GHUnitIPhoneAppDelegate.h"; sourceTree = SOURCE_ROOT; };
		65CA1C2E1173374C000DC347 /* GHUnitIPhoneTestMain.m */ = {isa = PBXFileReference; fileEncoding = 4; lastKnownFileType = sourcecode.c.objc; name = GHUnitIPhoneTestMain.m; path = "../tools/GHUnit-static/GHUnitIPhoneTestMain.m"; sourceTree = SOURCE_ROOT; };
		65CA1C2F1173374C000DC347 /* GHUNSObject+Swizzle.h */ = {isa = PBXFileReference; fileEncoding = 4; lastKnownFileType = sourcecode.c.h; name = "GHUNSObject+Swizzle.h"; path = "../tools/GHUnit-static/GHUNSObject+Swizzle.h"; sourceTree = SOURCE_ROOT; };
		65CA1C301173374C000DC347 /* libGHUnitIPhone3_0.a */ = {isa = PBXFileReference; lastKnownFileType = archive.ar; name = libGHUnitIPhone3_0.a; path = "../tools/GHUnit-static/libGHUnitIPhone3_0.a"; sourceTree = SOURCE_ROOT; };
		65CA1C311173374C000DC347 /* NSException+GHTestFailureExceptions.h */ = {isa = PBXFileReference; fileEncoding = 4; lastKnownFileType = sourcecode.c.h; name = "NSException+GHTestFailureExceptions.h"; path = "../tools/GHUnit-static/NSException+GHTestFailureExceptions.h"; sourceTree = SOURCE_ROOT; };
		65CA1C321173374C000DC347 /* NSValue+GHValueFormatter.h */ = {isa = PBXFileReference; fileEncoding = 4; lastKnownFileType = sourcecode.c.h; name = "NSValue+GHValueFormatter.h"; path = "../tools/GHUnit-static/NSValue+GHValueFormatter.h"; sourceTree = SOURCE_ROOT; };
		AA747D9E0F9514B9006C5449 /* dUsefulStuff_Prefix.pch */ = {isa = PBXFileReference; fileEncoding = 4; lastKnownFileType = sourcecode.c.h; path = dUsefulStuff_Prefix.pch; sourceTree = SOURCE_ROOT; };
		AACBBE490F95108600F1A2B1 /* Foundation.framework */ = {isa = PBXFileReference; lastKnownFileType = wrapper.framework; name = Foundation.framework; path = System/Library/Frameworks/Foundation.framework; sourceTree = SDKROOT; };
/* End PBXFileReference section */

/* Begin PBXFrameworksBuildPhase section */
		653AD37B116E13CF006E2268 /* Frameworks */ = {
			isa = PBXFrameworksBuildPhase;
			buildActionMask = 2147483647;
			files = (
				65A0C6AB116EF691003AC854 /* libdUsefulStuff-simulator.a in Frameworks */,
				653AD415116E165B006E2268 /* Foundation.framework in Frameworks */,
				65269779116EF91E003C63D3 /* CoreGraphics.framework in Frameworks */,
				65269784116EF983003C63D3 /* UIKit.framework in Frameworks */,
				6564F74F116F4E4200AF91EF /* libGHUnitIPhone3_0.a in Frameworks */,
				65CA1C361173374C000DC347 /* libGHUnitIPhone3_0.a in Frameworks */,
			);
			runOnlyForDeploymentPostprocessing = 0;
		};
		654ED732116C613B007AB3BA /* Frameworks */ = {
			isa = PBXFrameworksBuildPhase;
			buildActionMask = 2147483647;
			files = (
				65296A45116E066C002B1FB9 /* Foundation.framework in Frameworks */,
				6579F22F116E1B010065C30E /* libdUsefulStuff-device.a in Frameworks */,
				652697A8116EF98C003C63D3 /* CoreGraphics.framework in Frameworks */,
				652697E9116EF992003C63D3 /* UIKit.framework in Frameworks */,
				6564F74D116F4E4200AF91EF /* libGHUnitIPhone3_0.a in Frameworks */,
				65CA1C341173374C000DC347 /* libGHUnitIPhone3_0.a in Frameworks */,
			);
			runOnlyForDeploymentPostprocessing = 0;
		};
		65A0C688116EF534003AC854 /* Frameworks */ = {
			isa = PBXFrameworksBuildPhase;
			buildActionMask = 2147483647;
			files = (
				65A0C689116EF534003AC854 /* Foundation.framework in Frameworks */,
				652697A7116EF98B003C63D3 /* CoreGraphics.framework in Frameworks */,
				652697E8116EF992003C63D3 /* UIKit.framework in Frameworks */,
			);
			runOnlyForDeploymentPostprocessing = 0;
		};
		D2AAC07C0554694100DB518D /* Frameworks */ = {
			isa = PBXFrameworksBuildPhase;
			buildActionMask = 2147483647;
			files = (
				AACBBE4A0F95108600F1A2B1 /* Foundation.framework in Frameworks */,
				652697A6116EF98B003C63D3 /* CoreGraphics.framework in Frameworks */,
				652697E7116EF992003C63D3 /* UIKit.framework in Frameworks */,
			);
			runOnlyForDeploymentPostprocessing = 0;
		};
/* End PBXFrameworksBuildPhase section */

/* Begin PBXGroup section */
		034768DFFF38A50411DB9C8B /* Products */ = {
			isa = PBXGroup;
			children = (
				6579F220116E1AC00065C30E /* libdUsefulStuff-device.a */,
				6579F222116E1AC00065C30E /* dUsefulStuff device unit tests.app */,
				6579F224116E1AC00065C30E /* dUsefulStuff simulator unit tests.app */,
				65A0C68F116EF534003AC854 /* libdUsefulStuff-simulator.a */,
			);
			name = Products;
			sourceTree = "<group>";
		};
		0867D691FE84028FC02AAC07 /* dUsefulStuff */ = {
			isa = PBXGroup;
			children = (
				08FB77AEFE84172EC02AAC07 /* Classes */,
				0867D69AFE84028FC02AAC07 /* Frameworks */,
				32C88DFF0371C24200C91783 /* Other Sources */,
				034768DFFF38A50411DB9C8B /* Products */,
				654ED656116C5B62007AB3BA /* Resources */,
				650357A9116A1B8600202897 /* Tests */,
			);
			name = dUsefulStuff;
			sourceTree = "<group>";
		};
		0867D69AFE84028FC02AAC07 /* Frameworks */ = {
			isa = PBXGroup;
			children = (
				65F21672116C67FB0086F808 /* OCMock */,
				654ED740116C61EE007AB3BA /* GHUnit */,
				AACBBE490F95108600F1A2B1 /* Foundation.framework */,
				65269778116EF91E003C63D3 /* CoreGraphics.framework */,
				65269783116EF983003C63D3 /* UIKit.framework */,
			);
			name = Frameworks;
			sourceTree = "<group>";
		};
		08FB77AEFE84172EC02AAC07 /* Classes */ = {
			isa = PBXGroup;
			children = (
				6503579B116A1B8100202897 /* DCCommon.h */,
				6503579C116A1B8100202897 /* DCUIRating.h */,
				6503579D116A1B8100202897 /* DCUIRating.m */,
				6503579E116A1B8100202897 /* NSDictionary+dUsefulStuff.h */,
				6503579F116A1B8100202897 /* NSDictionary+dUsefulStuff.m */,
				650357A0116A1B8100202897 /* NSMutableDictionary+dUsefulStuff.h */,
				650357A1116A1B8100202897 /* NSMutableDictionary+dUsefulStuff.m */,
			);
			name = Classes;
			sourceTree = "<group>";
		};
		32C88DFF0371C24200C91783 /* Other Sources */ = {
			isa = PBXGroup;
			children = (
				AA747D9E0F9514B9006C5449 /* dUsefulStuff_Prefix.pch */,
			);
			name = "Other Sources";
			sourceTree = "<group>";
		};
		650357A9116A1B8600202897 /* Tests */ = {
			isa = PBXGroup;
			children = (
				65F21665116C677F0086F808 /* Rating tests */,
				650357AA116A1BAA00202897 /* blank_10_x_10.png */,
				650357AC116A1BAA00202897 /* DCCommonTests.m */,
				650357AD116A1BAA00202897 /* DCUIRatingTests.m */,
				650357AE116A1BAA00202897 /* dUsefulStuff unit tests-Info.plist */,
				650357B0116A1BAA00202897 /* NSDictionary+dUsefulStuffTests.m */,
				650357B1116A1BAA00202897 /* NSMutableDictionary+dUsefulStuffTests.m */,
			);
			name = Tests;
			sourceTree = "<group>";
		};
		654ED656116C5B62007AB3BA /* Resources */ = {
			isa = PBXGroup;
			children = (
				657D8F731170B4E60044EF4F /* installDocSet */,
				654ED65A116C5B89007AB3BA /* docset.plist */,
				654ED65B116C5B89007AB3BA /* doxygen-appledoc.config */,
				654ED65C116C5B89007AB3BA /* ReadMe.markdown */,
				654ED65D116C5B89007AB3BA /* star-active.png */,
				654ED65E116C5B89007AB3BA /* star-half-active.png */,
				654ED65F116C5B89007AB3BA /* star.png */,
			);
			name = Resources;
			sourceTree = "<group>";
		};
		654ED740116C61EE007AB3BA /* GHUnit */ = {
			isa = PBXGroup;
			children = (
				65CA1C241173374C000DC347 /* GHAsyncTestCase.h */,
				65CA1C251173374C000DC347 /* GHTest.h */,
				65CA1C261173374C000DC347 /* GHTestCase.h */,
				65CA1C271173374C000DC347 /* GHTestGroup.h */,
				65CA1C281173374C000DC347 /* GHTesting.h */,
				65CA1C291173374C000DC347 /* GHTestMacros.h */,
				65CA1C2A1173374C000DC347 /* GHTestRunner.h */,
				65CA1C2B1173374C000DC347 /* GHTestSuite.h */,
				65CA1C2C1173374C000DC347 /* GHUnit.h */,
				65CA1C2D1173374C000DC347 /* GHUnitIPhoneAppDelegate.h */,
				65CA1C2E1173374C000DC347 /* GHUnitIPhoneTestMain.m */,
				65CA1C2F1173374C000DC347 /* GHUNSObject+Swizzle.h */,
				65CA1C301173374C000DC347 /* libGHUnitIPhone3_0.a */,
				65CA1C311173374C000DC347 /* NSException+GHTestFailureExceptions.h */,
				65CA1C321173374C000DC347 /* NSValue+GHValueFormatter.h */,
			);
			name = GHUnit;
			sourceTree = "<group>";
		};
		65F21665116C677F0086F808 /* Rating tests */ = {
			isa = PBXGroup;
			children = (
				650357B2116A1BAA00202897 /* RatingTest-Info.plist */,
				650357B3116A1BAA00202897 /* RatingTest.xib */,
				650357B4116A1BAA00202897 /* RatingTestAppDelegate.h */,
				650357B5116A1BAA00202897 /* RatingTestAppDelegate.m */,
				650357B6116A1BAA00202897 /* RatingTestController.h */,
				650357B7116A1BAA00202897 /* RatingTestController.m */,
				650357AF116A1BAA00202897 /* main.m */,
			);
			name = "Rating tests";
			sourceTree = "<group>";
		};
		65F21672116C67FB0086F808 /* OCMock */ = {
			isa = PBXGroup;
			children = (
				6564F73D116F4E4200AF91EF /* GHAsyncTestCase.h */,
				6564F73E116F4E4200AF91EF /* GHTest.h */,
				6564F73F116F4E4200AF91EF /* GHTestCase.h */,
				6564F740116F4E4200AF91EF /* GHTestGroup.h */,
				6564F741116F4E4200AF91EF /* GHTesting.h */,
				6564F742116F4E4200AF91EF /* GHTestMacros.h */,
				6564F743116F4E4200AF91EF /* GHTestRunner.h */,
				6564F744116F4E4200AF91EF /* GHTestSuite.h */,
				6564F745116F4E4200AF91EF /* GHUnit.h */,
				6564F746116F4E4200AF91EF /* GHUnitIPhoneAppDelegate.h */,
				6564F747116F4E4200AF91EF /* GHUnitIPhoneTestMain.m */,
				6564F748116F4E4200AF91EF /* GHUNSObject+Swizzle.h */,
				6564F749116F4E4200AF91EF /* libGHUnitIPhone3_0.a */,
				6564F74A116F4E4200AF91EF /* NSException+GHTestFailureExceptions.h */,
				6564F74B116F4E4200AF91EF /* NSValue+GHValueFormatter.h */,
			);
			name = OCMock;
			sourceTree = "<group>";
		};
/* End PBXGroup section */

/* Begin PBXHeadersBuildPhase section */
		65A0C67F116EF534003AC854 /* Headers */ = {
			isa = PBXHeadersBuildPhase;
			buildActionMask = 2147483647;
			files = (
				65A0C680116EF534003AC854 /* DCCommon.h in Headers */,
				65A0C681116EF534003AC854 /* DCUIRating.h in Headers */,
				65A0C682116EF534003AC854 /* NSDictionary+dUsefulStuff.h in Headers */,
				65A0C683116EF534003AC854 /* NSMutableDictionary+dUsefulStuff.h in Headers */,
			);
			runOnlyForDeploymentPostprocessing = 0;
		};
		D2AAC07A0554694100DB518D /* Headers */ = {
			isa = PBXHeadersBuildPhase;
			buildActionMask = 2147483647;
			files = (
				650357A2116A1B8100202897 /* DCCommon.h in Headers */,
				650357A3116A1B8100202897 /* DCUIRating.h in Headers */,
				650357A5116A1B8100202897 /* NSDictionary+dUsefulStuff.h in Headers */,
				650357A7116A1B8100202897 /* NSMutableDictionary+dUsefulStuff.h in Headers */,
			);
			runOnlyForDeploymentPostprocessing = 0;
		};
/* End PBXHeadersBuildPhase section */

/* Begin PBXNativeTarget section */
		653AD37C116E13CF006E2268 /* Run unit tests (Simulator) */ = {
			isa = PBXNativeTarget;
			buildConfigurationList = 653AD382116E13CF006E2268 /* Build configuration list for PBXNativeTarget "Run unit tests (Simulator)" */;
			buildPhases = (
				653AD379116E13CF006E2268 /* Resources */,
				653AD37A116E13CF006E2268 /* Sources */,
				653AD37B116E13CF006E2268 /* Frameworks */,
			);
			buildRules = (
			);
			dependencies = (
				65A0C695116EF5C2003AC854 /* PBXTargetDependency */,
			);
			name = "Run unit tests (Simulator)";
			productName = "Run unit tests (Simulator)";
			productReference = 6579F224116E1AC00065C30E /* dUsefulStuff simulator unit tests.app */;
			productType = "com.apple.product-type.application";
		};
		654ED733116C613B007AB3BA /* Run unit tests (Device) */ = {
			isa = PBXNativeTarget;
			buildConfigurationList = 654ED739116C613C007AB3BA /* Build configuration list for PBXNativeTarget "Run unit tests (Device)" */;
			buildPhases = (
				654ED730116C613B007AB3BA /* Resources */,
				654ED731116C613B007AB3BA /* Sources */,
				654ED732116C613B007AB3BA /* Frameworks */,
			);
			buildRules = (
			);
			dependencies = (
				652967F6116DAA0E002B1FB9 /* PBXTargetDependency */,
			);
			name = "Run unit tests (Device)";
			productName = "Run unit tests";
			productReference = 6579F222116E1AC00065C30E /* dUsefulStuff device unit tests.app */;
			productType = "com.apple.product-type.application";
		};
		65A0C679116EF534003AC854 /* dUsefulStuff (Simulator) */ = {
			isa = PBXNativeTarget;
			buildConfigurationList = 65A0C68C116EF534003AC854 /* Build configuration list for PBXNativeTarget "dUsefulStuff (Simulator)" */;
			buildPhases = (
				65A0C67A116EF534003AC854 /* CopyFiles */,
				65A0C67F116EF534003AC854 /* Headers */,
				65A0C684116EF534003AC854 /* Sources */,
				65A0C688116EF534003AC854 /* Frameworks */,
			);
			buildRules = (
			);
			dependencies = (
			);
			name = "dUsefulStuff (Simulator)";
			productName = dUsefulStuff;
			productReference = 65A0C68F116EF534003AC854 /* libdUsefulStuff-simulator.a */;
			productType = "com.apple.product-type.library.static";
		};
		D2AAC07D0554694100DB518D /* dUsefulStuff (Device) */ = {
			isa = PBXNativeTarget;
			buildConfigurationList = 1DEB921E08733DC00010E9CD /* Build configuration list for PBXNativeTarget "dUsefulStuff (Device)" */;
			buildPhases = (
				654ED657116C5B62007AB3BA /* CopyFiles */,
				D2AAC07A0554694100DB518D /* Headers */,
				D2AAC07B0554694100DB518D /* Sources */,
				D2AAC07C0554694100DB518D /* Frameworks */,
			);
			buildRules = (
			);
			dependencies = (
			);
			name = "dUsefulStuff (Device)";
			productName = dUsefulStuff;
			productReference = 6579F220116E1AC00065C30E /* libdUsefulStuff-device.a */;
			productType = "com.apple.product-type.library.static";
		};
/* End PBXNativeTarget section */

/* Begin PBXProject section */
		0867D690FE84028FC02AAC07 /* Project object */ = {
			isa = PBXProject;
			attributes = {
				BuildIndependentTargetsInParallel = YES;
			};
			buildConfigurationList = 1DEB922208733DC00010E9CD /* Build configuration list for PBXProject "dUsefulStuff" */;
			compatibilityVersion = "Xcode 3.2";
			hasScannedForEncodings = 1;
			mainGroup = 0867D691FE84028FC02AAC07 /* dUsefulStuff */;
			productRefGroup = 034768DFFF38A50411DB9C8B /* Products */;
			projectDirPath = "";
			projectRoot = "";
			targets = (
				D2AAC07D0554694100DB518D /* dUsefulStuff (Device) */,
				65A0C679116EF534003AC854 /* dUsefulStuff (Simulator) */,
				654ED733116C613B007AB3BA /* Run unit tests (Device) */,
				653AD37C116E13CF006E2268 /* Run unit tests (Simulator) */,
				6564F730116F435A00AF91EF /* Build API documentation */,
				657D8F691170B1820044EF4F /* Create bundles */,
			);
		};
/* End PBXProject section */

/* Begin PBXResourcesBuildPhase section */
		653AD379116E13CF006E2268 /* Resources */ = {
			isa = PBXResourcesBuildPhase;
			buildActionMask = 2147483647;
			files = (
				653AD383116E146E006E2268 /* blank_10_x_10.png in Resources */,
			);
			runOnlyForDeploymentPostprocessing = 0;
		};
		654ED730116C613B007AB3BA /* Resources */ = {
			isa = PBXResourcesBuildPhase;
			buildActionMask = 2147483647;
			files = (
				65F2165C116C67460086F808 /* blank_10_x_10.png in Resources */,
			);
			runOnlyForDeploymentPostprocessing = 0;
		};
/* End PBXResourcesBuildPhase section */

/* Begin PBXShellScriptBuildPhase section */
		6564F72F116F435A00AF91EF /* ShellScript */ = {
			isa = PBXShellScriptBuildPhase;
			buildActionMask = 2147483647;
			files = (
			);
			inputPaths = (
			);
			outputPaths = (
			);
			runOnlyForDeploymentPostprocessing = 0;
			shellPath = /bin/sh;
			shellScript = "#!/bin/sh\n\n# Run custom apple doc.\nAPPLEDOC_DIR=$PROJECT_DIR/../External/appledoc\n\n$APPLEDOC_DIR/build/Release/appledoc -p \"$PROJECT_NAME\" --input src/code --output \"$BUILD_DIR/appledoc\" -t $APPLEDOC_DIR/Templates -d $PROJECT_DIR/../tools/Doxygen.app/Contents/Resources/doxygen -c doxygen-appledoc.config --xhtml-bordered-issues --docset --docplist docset.plist\n\necho Fixing docset name and moving into place ...\nrm -fr \"$TARGET_BUILD_DIR\"/docs\nmkdir -p \"$TARGET_BUILD_DIR\"/docs\nmv -vf \"$BUILD_DIR\"/appledoc/docset \"$TARGET_BUILD_DIR\"/docs/au.com.dhc.$PROJECT_NAME.docset\n\n# echo Copying HTML documentation to dXml-website ...\n# cp -vfR \"$PROJECT_DIR/$CONFIGURATION/v$CURRENT_PROJECT_VERSION\"/docs/cxhtml/ $PROJECT_DIR/../d \n# dXml-website/api \n\nexit 0";
		};
		657D8F681170B1820044EF4F /* ShellScript */ = {
			isa = PBXShellScriptBuildPhase;
			buildActionMask = 2147483647;
			files = (
			);
			inputPaths = (
			);
			outputPaths = (
			);
			runOnlyForDeploymentPostprocessing = 0;
			shellPath = /bin/sh;
			shellScript = "\nTARGET_DIR=Releases/v$CURRENT_PROJECT_VERSION\n\nEcho building image directories ...\n\nrm -fr $TARGET_DIR\nmkdir -p $TARGET_DIR\nmkdir -p $TARGET_DIR/Release\nmkdir -p $TARGET_DIR/Debug\n\necho Assembling image files ...\n\ncp $BUILD_DIR/Release-iphoneos/libdUsefulStuff-device.a $TARGET_DIR/Release/libdUsefulStuff-device.a\ncp $BUILD_DIR/Release-iphonesimulator/libdUsefulStuff-simulator.a $TARGET_DIR/Release/libdUsefulStuff-simulator.a\ncp $BUILD_DIR/Debug-iphoneos/libdUsefulStuff-device.a $TARGET_DIR/Debug/libdUsefulStuff-device.a\ncp $BUILD_DIR/debug-iphonesimulator/libdUsefulStuff-simulator.a $TARGET_DIR/Debug/libdUsefulStuff-simulator.a\n\ncp $BUILD_DIR/Release-iphoneos/*.h $TARGET_DIR\ncp -R $TARGET_BUILD_DIR/docs $TARGET_DIR \ncp installDocSet $TARGET_DIR\ncp ReadMe.markdown $TARGET_DIR\n\necho Building dmg of project ...\n\nFINAL_DMG=\"Releases/$PROJECT-$CURRENT_PROJECT_VERSION.dmg\"\nrm -f $FINAL_DMG\n\nhdiutil create \"$FINAL_DMG\" -ov -srcdir $TARGET_DIR -volname \"$PROJECT_NAME v$CURRENT_PROJECT_VERSION\" -attach\n\nexit 0";
		};
/* End PBXShellScriptBuildPhase section */

/* Begin PBXSourcesBuildPhase section */
		653AD37A116E13CF006E2268 /* Sources */ = {
			isa = PBXSourcesBuildPhase;
			buildActionMask = 2147483647;
			files = (
				653AD384116E153F006E2268 /* DCCommonTests.m in Sources */,
				653AD385116E153F006E2268 /* DCUIRatingTests.m in Sources */,
				653AD386116E153F006E2268 /* NSDictionary+dUsefulStuffTests.m in Sources */,
				653AD387116E153F006E2268 /* NSMutableDictionary+dUsefulStuffTests.m in Sources */,
				6564F74E116F4E4200AF91EF /* GHUnitIPhoneTestMain.m in Sources */,
				65CA1C351173374C000DC347 /* GHUnitIPhoneTestMain.m in Sources */,
			);
			runOnlyForDeploymentPostprocessing = 0;
		};
		654ED731116C613B007AB3BA /* Sources */ = {
			isa = PBXSourcesBuildPhase;
			buildActionMask = 2147483647;
			files = (
				65F2165D116C674A0086F808 /* DCCommonTests.m in Sources */,
				65F2165E116C674B0086F808 /* DCUIRatingTests.m in Sources */,
				65F21661116C67710086F808 /* NSDictionary+dUsefulStuffTests.m in Sources */,
				65F21662116C67710086F808 /* NSMutableDictionary+dUsefulStuffTests.m in Sources */,
				6564F74C116F4E4200AF91EF /* GHUnitIPhoneTestMain.m in Sources */,
				65CA1C331173374C000DC347 /* GHUnitIPhoneTestMain.m in Sources */,
			);
			runOnlyForDeploymentPostprocessing = 0;
		};
		65A0C684116EF534003AC854 /* Sources */ = {
			isa = PBXSourcesBuildPhase;
			buildActionMask = 2147483647;
			files = (
				65A0C685116EF534003AC854 /* DCUIRating.m in Sources */,
				65A0C686116EF534003AC854 /* NSDictionary+dUsefulStuff.m in Sources */,
				65A0C687116EF534003AC854 /* NSMutableDictionary+dUsefulStuff.m in Sources */,
			);
			runOnlyForDeploymentPostprocessing = 0;
		};
		D2AAC07B0554694100DB518D /* Sources */ = {
			isa = PBXSourcesBuildPhase;
			buildActionMask = 2147483647;
			files = (
				650357A4116A1B8100202897 /* DCUIRating.m in Sources */,
				650357A6116A1B8100202897 /* NSDictionary+dUsefulStuff.m in Sources */,
				650357A8116A1B8100202897 /* NSMutableDictionary+dUsefulStuff.m in Sources */,
			);
			runOnlyForDeploymentPostprocessing = 0;
		};
/* End PBXSourcesBuildPhase section */

/* Begin PBXTargetDependency section */
		652967F6116DAA0E002B1FB9 /* PBXTargetDependency */ = {
			isa = PBXTargetDependency;
			target = D2AAC07D0554694100DB518D /* dUsefulStuff (Device) */;
			targetProxy = 652967F5116DAA0E002B1FB9 /* PBXContainerItemProxy */;
		};
		6564F763116F66DA00AF91EF /* PBXTargetDependency */ = {
			isa = PBXTargetDependency;
			target = D2AAC07D0554694100DB518D /* dUsefulStuff (Device) */;
			targetProxy = 6564F762116F66DA00AF91EF /* PBXContainerItemProxy */;
		};
		657D8F6D1170B18A0044EF4F /* PBXTargetDependency */ = {
			isa = PBXTargetDependency;
			target = 6564F730116F435A00AF91EF /* Build API documentation */;
			targetProxy = 657D8F6C1170B18A0044EF4F /* PBXContainerItemProxy */;
		};
		657D8F751170B58A0044EF4F /* PBXTargetDependency */ = {
			isa = PBXTargetDependency;
			target = 65A0C679116EF534003AC854 /* dUsefulStuff (Simulator) */;
			targetProxy = 657D8F741170B58A0044EF4F /* PBXContainerItemProxy */;
		};
		65A0C695116EF5C2003AC854 /* PBXTargetDependency */ = {
			isa = PBXTargetDependency;
			target = 65A0C679116EF534003AC854 /* dUsefulStuff (Simulator) */;
			targetProxy = 65A0C694116EF5C2003AC854 /* PBXContainerItemProxy */;
		};
/* End PBXTargetDependency section */

/* Begin XCBuildConfiguration section */
		1DEB921F08733DC00010E9CD /* Debug */ = {
			isa = XCBuildConfiguration;
			buildSettings = {
				ALWAYS_SEARCH_USER_PATHS = NO;
				ARCHS = "$(ARCHS_UNIVERSAL_IPHONE_OS)";
				COPY_PHASE_STRIP = NO;
				GCC_DYNAMIC_NO_PIC = NO;
				GCC_ENABLE_FIX_AND_CONTINUE = YES;
				GCC_MODEL_TUNING = G5;
				GCC_OPTIMIZATION_LEVEL = 0;
				GCC_PRECOMPILE_PREFIX_HEADER = YES;
				GCC_PREFIX_HEADER = dUsefulStuff_Prefix.pch;
				PRODUCT_NAME = "dUsefulStuff-device";
				SDKROOT = iphoneos3.2;
				VALID_ARCHS = "armv6 armv7";
			};
			name = Debug;
		};
		1DEB922008733DC00010E9CD /* Release */ = {
			isa = XCBuildConfiguration;
			buildSettings = {
				ALWAYS_SEARCH_USER_PATHS = NO;
				ARCHS = "$(ARCHS_UNIVERSAL_IPHONE_OS)";
				GCC_MODEL_TUNING = G5;
				GCC_PRECOMPILE_PREFIX_HEADER = YES;
				GCC_PREFIX_HEADER = dUsefulStuff_Prefix.pch;
				PRODUCT_NAME = "dUsefulStuff-device";
				SDKROOT = iphoneos3.2;
				VALID_ARCHS = "armv6 armv7";
			};
			name = Release;
		};
		1DEB922308733DC00010E9CD /* Debug */ = {
			isa = XCBuildConfiguration;
			buildSettings = {
				CURRENT_PROJECT_VERSION = 0.0.2;
				GCC_C_LANGUAGE_STANDARD = c99;
				GCC_OPTIMIZATION_LEVEL = 0;
				GCC_WARN_ABOUT_RETURN_TYPE = YES;
				GCC_WARN_UNUSED_VARIABLE = YES;
				OTHER_LDFLAGS = "-ObjC";
				PREBINDING = NO;
				PUBLIC_HEADERS_FOLDER_PATH = ./;
				RUN_CLANG_STATIC_ANALYZER = YES;
				SDKROOT = iphoneos3.2;
				TARGETED_DEVICE_FAMILY = "1,2";
			};
			name = Debug;
		};
		1DEB922408733DC00010E9CD /* Release */ = {
			isa = XCBuildConfiguration;
			buildSettings = {
				CURRENT_PROJECT_VERSION = 0.0.2;
				GCC_C_LANGUAGE_STANDARD = c99;
				GCC_WARN_ABOUT_RETURN_TYPE = YES;
				GCC_WARN_UNUSED_VARIABLE = YES;
				OTHER_LDFLAGS = "-ObjC";
				PREBINDING = NO;
				PUBLIC_HEADERS_FOLDER_PATH = ./;
				RUN_CLANG_STATIC_ANALYZER = YES;
				SDKROOT = iphoneos3.2;
				TARGETED_DEVICE_FAMILY = "1,2";
			};
			name = Release;
		};
		653AD380116E13CF006E2268 /* Debug */ = {
			isa = XCBuildConfiguration;
			buildSettings = {
				ALWAYS_SEARCH_USER_PATHS = NO;
				ARCHS = "$(ARCHS_UNIVERSAL_IPHONE_OS)";
				CODE_SIGN_IDENTITY = "iPhone Developer";
				COPY_PHASE_STRIP = NO;
				GCC_DYNAMIC_NO_PIC = NO;
				GCC_OPTIMIZATION_LEVEL = 0;
				GCC_PRECOMPILE_PREFIX_HEADER = YES;
				GCC_PREFIX_HEADER = dUsefulStuff_Prefix.pch;
				INFOPLIST_FILE = "src/tests/dUsefulStuff unit tests-Info.plist";
				INSTALL_PATH = "$(HOME)/Applications";
				LIBRARY_SEARCH_PATHS = (
					"$(inherited)",
					"\"$(SRCROOT)/../../tools/OCMock-static\"",
					"\"$(SRCROOT)/../../tools/libGHUnitIPhone3_0-0.4.19\"",
					"\"$(SRCROOT)/../tools/GHUnit-static\"",
				);
				OTHER_LDFLAGS = (
					"-all_load",
					"-ObjC",
				);
				PREBINDING = NO;
				PRODUCT_NAME = "dUsefulStuff simulator unit tests";
				SDKROOT = iphonesimulator3.2;
			};
			name = Debug;
		};
		653AD381116E13CF006E2268 /* Release */ = {
			isa = XCBuildConfiguration;
			buildSettings = {
				ALWAYS_SEARCH_USER_PATHS = NO;
				ARCHS = "$(ARCHS_UNIVERSAL_IPHONE_OS)";
				CODE_SIGN_IDENTITY = "iPhone Developer";
				COPY_PHASE_STRIP = YES;
				DEBUG_INFORMATION_FORMAT = "dwarf-with-dsym";
				GCC_ENABLE_FIX_AND_CONTINUE = NO;
				GCC_PRECOMPILE_PREFIX_HEADER = YES;
				GCC_PREFIX_HEADER = dUsefulStuff_Prefix.pch;
				INFOPLIST_FILE = "src/tests/dUsefulStuff unit tests-Info.plist";
				INSTALL_PATH = "$(HOME)/Applications";
				LIBRARY_SEARCH_PATHS = (
					"$(inherited)",
					"\"$(SRCROOT)/../../tools/OCMock-static\"",
					"\"$(SRCROOT)/../../tools/libGHUnitIPhone3_0-0.4.19\"",
					"\"$(SRCROOT)/../tools/GHUnit-static\"",
				);
				OTHER_LDFLAGS = (
					"-all_load",
					"-ObjC",
				);
				PREBINDING = NO;
				PRODUCT_NAME = "dUsefulStuff simulator unit tests";
				SDKROOT = iphonesimulator3.2;
				ZERO_LINK = NO;
			};
			name = Release;
		};
		654ED737116C613C007AB3BA /* Debug */ = {
			isa = XCBuildConfiguration;
			buildSettings = {
				ARCHS = "$(ARCHS_UNIVERSAL_IPHONE_OS)";
				BUILD_STYLE = "";
				CODE_SIGN_IDENTITY = "iPhone Developer";
				COPY_PHASE_STRIP = NO;
				GCC_DYNAMIC_NO_PIC = NO;
				GCC_OPTIMIZATION_LEVEL = 0;
				GCC_PRECOMPILE_PREFIX_HEADER = YES;
				GCC_PREFIX_HEADER = dUsefulStuff_Prefix.pch;
				INFOPLIST_FILE = "src/tests/dUsefulStuff unit tests-Info.plist";
				INSTALL_PATH = "";
				LIBRARY_SEARCH_PATHS = (
					"$(inherited)",
					"\"$(SRCROOT)/../tools/GHUnit-static\"",
				);
				OTHER_LDFLAGS = (
					"-all_load",
					"-ObjC",
				);
				PREBINDING = NO;
				PRODUCT_NAME = "dUsefulStuff device unit tests";
				SDKROOT = iphoneos3.2;
			};
			name = Debug;
		};
		654ED738116C613C007AB3BA /* Release */ = {
			isa = XCBuildConfiguration;
			buildSettings = {
				ARCHS = "$(ARCHS_UNIVERSAL_IPHONE_OS)";
				BUILD_STYLE = "";
				CODE_SIGN_IDENTITY = "iPhone Developer";
				COPY_PHASE_STRIP = YES;
				GCC_ENABLE_FIX_AND_CONTINUE = NO;
				GCC_PRECOMPILE_PREFIX_HEADER = YES;
				GCC_PREFIX_HEADER = dUsefulStuff_Prefix.pch;
				INFOPLIST_FILE = "src/tests/dUsefulStuff unit tests-Info.plist";
				INSTALL_PATH = "";
				LIBRARY_SEARCH_PATHS = (
					"$(inherited)",
					"\"$(SRCROOT)/../tools/GHUnit-static\"",
				);
				PREBINDING = NO;
				PRODUCT_NAME = "dUsefulStuff device unit tests";
				SDKROOT = iphoneos3.2;
				ZERO_LINK = NO;
			};
			name = Release;
		};
		6564F731116F435A00AF91EF /* Debug */ = {
			isa = XCBuildConfiguration;
			buildSettings = {
				COPY_PHASE_STRIP = NO;
				GCC_DYNAMIC_NO_PIC = NO;
				GCC_OPTIMIZATION_LEVEL = 0;
				PRODUCT_NAME = "Build API documentation";
			};
			name = Debug;
		};
		6564F732116F435A00AF91EF /* Release */ = {
			isa = XCBuildConfiguration;
			buildSettings = {
				COPY_PHASE_STRIP = YES;
				DEBUG_INFORMATION_FORMAT = "dwarf-with-dsym";
				GCC_ENABLE_FIX_AND_CONTINUE = NO;
				PRODUCT_NAME = "Build API documentation";
				ZERO_LINK = NO;
			};
			name = Release;
		};
		657D8F6A1170B1820044EF4F /* Debug */ = {
			isa = XCBuildConfiguration;
			buildSettings = {
				COPY_PHASE_STRIP = NO;
				GCC_DYNAMIC_NO_PIC = NO;
				GCC_OPTIMIZATION_LEVEL = 0;
				PRODUCT_NAME = "Create bundles";
			};
			name = Debug;
		};
		657D8F6B1170B1820044EF4F /* Release */ = {
			isa = XCBuildConfiguration;
			buildSettings = {
				COPY_PHASE_STRIP = YES;
				DEBUG_INFORMATION_FORMAT = "dwarf-with-dsym";
				GCC_ENABLE_FIX_AND_CONTINUE = NO;
				PRODUCT_NAME = "Create bundles";
				ZERO_LINK = NO;
			};
			name = Release;
		};
		65A0C68D116EF534003AC854 /* Debug */ = {
			isa = XCBuildConfiguration;
			buildSettings = {
				ALWAYS_SEARCH_USER_PATHS = NO;
				ARCHS = "$(ARCHS_UNIVERSAL_IPHONE_OS)";
				COPY_PHASE_STRIP = NO;
				GCC_DYNAMIC_NO_PIC = NO;
				GCC_ENABLE_FIX_AND_CONTINUE = YES;
				GCC_MODEL_TUNING = G5;
				GCC_OPTIMIZATION_LEVEL = 0;
				GCC_PRECOMPILE_PREFIX_HEADER = YES;
				GCC_PREFIX_HEADER = dUsefulStuff_Prefix.pch;
				PRODUCT_NAME = "dUsefulStuff-simulator";
				SDKROOT = iphonesimulator3.2;
			};
			name = Debug;
		};
		65A0C68E116EF534003AC854 /* Release */ = {
			isa = XCBuildConfiguration;
			buildSettings = {
				ALWAYS_SEARCH_USER_PATHS = NO;
				ARCHS = "$(ARCHS_UNIVERSAL_IPHONE_OS)";
				GCC_MODEL_TUNING = G5;
				GCC_PRECOMPILE_PREFIX_HEADER = YES;
				GCC_PREFIX_HEADER = dUsefulStuff_Prefix.pch;
				PRODUCT_NAME = "dUsefulStuff-simulator";
				SDKROOT = iphonesimulator3.2;
			};
			name = Release;
		};
/* End XCBuildConfiguration section */

/* Begin XCConfigurationList section */
		1DEB921E08733DC00010E9CD /* Build configuration list for PBXNativeTarget "dUsefulStuff (Device)" */ = {
			isa = XCConfigurationList;
			buildConfigurations = (
				1DEB921F08733DC00010E9CD /* Debug */,
				1DEB922008733DC00010E9CD /* Release */,
			);
			defaultConfigurationIsVisible = 0;
			defaultConfigurationName = Release;
		};
		1DEB922208733DC00010E9CD /* Build configuration list for PBXProject "dUsefulStuff" */ = {
			isa = XCConfigurationList;
			buildConfigurations = (
				1DEB922308733DC00010E9CD /* Debug */,
				1DEB922408733DC00010E9CD /* Release */,
			);
			defaultConfigurationIsVisible = 0;
			defaultConfigurationName = Release;
		};
		653AD382116E13CF006E2268 /* Build configuration list for PBXNativeTarget "Run unit tests (Simulator)" */ = {
			isa = XCConfigurationList;
			buildConfigurations = (
				653AD380116E13CF006E2268 /* Debug */,
				653AD381116E13CF006E2268 /* Release */,
			);
			defaultConfigurationIsVisible = 0;
			defaultConfigurationName = Release;
		};
		654ED739116C613C007AB3BA /* Build configuration list for PBXNativeTarget "Run unit tests (Device)" */ = {
			isa = XCConfigurationList;
			buildConfigurations = (
				654ED737116C613C007AB3BA /* Debug */,
				654ED738116C613C007AB3BA /* Release */,
			);
			defaultConfigurationIsVisible = 0;
			defaultConfigurationName = Release;
		};
		6564F733116F437800AF91EF /* Build configuration list for PBXAggregateTarget "Build API documentation" */ = {
			isa = XCConfigurationList;
			buildConfigurations = (
				6564F731116F435A00AF91EF /* Debug */,
				6564F732116F435A00AF91EF /* Release */,
			);
			defaultConfigurationIsVisible = 0;
			defaultConfigurationName = Release;
		};
		657D8F6F1170B1A80044EF4F /* Build configuration list for PBXAggregateTarget "Create bundles" */ = {
			isa = XCConfigurationList;
			buildConfigurations = (
				657D8F6A1170B1820044EF4F /* Debug */,
				657D8F6B1170B1820044EF4F /* Release */,
			);
			defaultConfigurationIsVisible = 0;
			defaultConfigurationName = Release;
		};
		65A0C68C116EF534003AC854 /* Build configuration list for PBXNativeTarget "dUsefulStuff (Simulator)" */ = {
			isa = XCConfigurationList;
			buildConfigurations = (
				65A0C68D116EF534003AC854 /* Debug */,
				65A0C68E116EF534003AC854 /* Release */,
			);
			defaultConfigurationIsVisible = 0;
			defaultConfigurationName = Release;
		};
/* End XCConfigurationList section */
	};
	rootObject = 0867D690FE84028FC02AAC07 /* Project object */;
}
